PODS:
  - AFNetworking (2.5.4):
    - AFNetworking/NSURLConnection (= 2.5.4)
    - AFNetworking/NSURLSession (= 2.5.4)
    - AFNetworking/Reachability (= 2.5.4)
    - AFNetworking/Security (= 2.5.4)
    - AFNetworking/Serialization (= 2.5.4)
    - AFNetworking/UIKit (= 2.5.4)
  - AFNetworking/NSURLConnection (2.5.4):
    - AFNetworking/Reachability
    - AFNetworking/Security
    - AFNetworking/Serialization
  - AFNetworking/NSURLSession (2.5.4):
    - AFNetworking/Reachability
    - AFNetworking/Security
    - AFNetworking/Serialization
  - AFNetworking/Reachability (2.5.4)
  - AFNetworking/Security (2.5.4)
  - AFNetworking/Serialization (2.5.4)
  - AFNetworking/UIKit (2.5.4):
    - AFNetworking/NSURLConnection
    - AFNetworking/NSURLSession
  - CTAssetsPickerController (2.9.5)
  - DACircularProgress (2.3.1)
  - HandyAutoLayout (1.0.0)
  - HandyFrame (1.1.0)
  - Masonry (0.6.4)
  - MBProgressHUD (0.9.2)
  - MJRefresh (2.2.1)
  - MWPhotoBrowser (2.1.2):
    - DACircularProgress (~> 2.3)
    - MBProgressHUD (~> 0.9)
    - SDWebImage (!= 3.7.2, ~> 3.7)
  - SDWebImage (3.7.6):
    - SDWebImage/Core (= 3.7.6)
  - SDWebImage/Core (3.7.6)
  - ShareSDK3 (3.3.1):
    - ShareSDK3/ShareSDK (= 3.3.1)
  - ShareSDK3/ShareSDK (3.3.1)
  - ShareSDK3/ShareSDKPlatforms/QQ (3.3.1)
  - ShareSDK3/ShareSDKPlatforms/SinaWeibo (3.3.1)
  - ShareSDK3/ShareSDKPlatforms/WeChat (3.3.1)

DEPENDENCIES:
  - AFNetworking (~> 2.5.4)
  - CTAssetsPickerController (~> 2.9.5)
  - HandyAutoLayout
  - HandyFrame
  - Masonry (~> 0.6.2)
  - MBProgressHUD (~> 0.9.1)
  - MJRefresh (~> 2.2.0)
  - MWPhotoBrowser (~> 2.1.1)
  - SDWebImage (~> 3.7.3)
  - ShareSDK3
  - ShareSDK3/ShareSDKPlatforms/QQ
  - ShareSDK3/ShareSDKPlatforms/SinaWeibo
  - ShareSDK3/ShareSDKPlatforms/WeChat

SPEC CHECKSUMS:
  AFNetworking: 05edc0ac4c4c8cf57bcf4b84be5b0744b6d8e71e
  CTAssetsPickerController: b413fece2194ae3dbf22fbc544cf6f2a6d516a4d
  DACircularProgress: 4dd437c0fc3da5161cb289e07ac449493d41db71
  HandyAutoLayout: f6ef3ab011318f8493fa868d93d9b03ceef4ef90
  HandyFrame: 97a9d4069bcd191dfbbbb4aa08390e3b8076e9bf
  Masonry: 281802d04d787ea2973179ee8bcb50500579ede2
  MBProgressHUD: 1569cf7ace17a8bac47aabfbb8580a49690386d1
  MJRefresh: c3fa0387e8e97a11a9666639d2f815607edd1c2f
  MWPhotoBrowser: 5836d7aa041dc05a13de380c246826578adc5ea5
  SDWebImage: c325cf02c30337336b95beff20a13df489ec0ec9
  ShareSDK3: 8423b4dca9f5a3a210d536fc4f0c4b1555022810

COCOAPODS: 0.39.0
