// !$*UTF8*$!
{
	archiveVersion = 1;
	classes = {
	};
	objectVersion = 46;
	objects = {

/* Begin PBXBuildFile section */
		03E49BF81D07129F0034B1DB /* HWTabBar.m in Sources */ = {isa = PBXBuildFile; fileRef = 03E49BF71D07129F0034B1DB /* HWTabBar.m */; };
		03E49C411D0B1A400034B1DB /* LGPhotoPickerBrowserPhoto.m in Sources */ = {isa = PBXBuildFile; fileRef = 03E49C301D0B1A400034B1DB /* LGPhotoPickerBrowserPhoto.m */; };
		03E49C421D0B1A400034B1DB /* LGPhotoRect.m in Sources */ = {isa = PBXBuildFile; fileRef = 03E49C321D0B1A400034B1DB /* LGPhotoRect.m */; };
		03E49C431D0B1A400034B1DB /* LGPhotoPickerBrowserViewController.m in Sources */ = {isa = PBXBuildFile; fileRef = 03E49C351D0B1A400034B1DB /* LGPhotoPickerBrowserViewController.m */; };
		03E49C441D0B1A400034B1DB /* LGImagePickerSelectView.m in Sources */ = {isa = PBXBuildFile; fileRef = 03E49C381D0B1A400034B1DB /* LGImagePickerSelectView.m */; };
		03E49C451D0B1A400034B1DB /* LGPhotoPickerBrowserPhotoImageView.m in Sources */ = {isa = PBXBuildFile; fileRef = 03E49C3A1D0B1A400034B1DB /* LGPhotoPickerBrowserPhotoImageView.m */; };
		03E49C461D0B1A400034B1DB /* LGPhotoPickerBrowserPhotoScrollView.m in Sources */ = {isa = PBXBuildFile; fileRef = 03E49C3C1D0B1A400034B1DB /* LGPhotoPickerBrowserPhotoScrollView.m */; };
		03E49C471D0B1A400034B1DB /* LGPhotoPickerBrowserPhotoView.m in Sources */ = {isa = PBXBuildFile; fileRef = 03E49C3E1D0B1A400034B1DB /* LGPhotoPickerBrowserPhotoView.m */; };
		03E49C481D0B1A400034B1DB /* LGPhotoPickerCustomToolBarView.m in Sources */ = {isa = PBXBuildFile; fileRef = 03E49C401D0B1A400034B1DB /* LGPhotoPickerCustomToolBarView.m */; };
		03E49C661D0B1A540034B1DB /* LGPhotoAssets.m in Sources */ = {isa = PBXBuildFile; fileRef = 03E49C4C1D0B1A540034B1DB /* LGPhotoAssets.m */; };
		03E49C671D0B1A540034B1DB /* LGPhotoPickerDatas.m in Sources */ = {isa = PBXBuildFile; fileRef = 03E49C4E1D0B1A540034B1DB /* LGPhotoPickerDatas.m */; };
		03E49C681D0B1A540034B1DB /* LGPhotoPickerGroup.m in Sources */ = {isa = PBXBuildFile; fileRef = 03E49C501D0B1A540034B1DB /* LGPhotoPickerGroup.m */; };
		03E49C691D0B1A540034B1DB /* LGPhotoPickerAssetsViewController.m in Sources */ = {isa = PBXBuildFile; fileRef = 03E49C531D0B1A540034B1DB /* LGPhotoPickerAssetsViewController.m */; };
		03E49C6A1D0B1A540034B1DB /* LGPhotoPickerGroupViewController.m in Sources */ = {isa = PBXBuildFile; fileRef = 03E49C551D0B1A540034B1DB /* LGPhotoPickerGroupViewController.m */; };
		03E49C6B1D0B1A540034B1DB /* LGPhotoPickerViewController.m in Sources */ = {isa = PBXBuildFile; fileRef = 03E49C571D0B1A540034B1DB /* LGPhotoPickerViewController.m */; };
		03E49C6C1D0B1A540034B1DB /* LGPhotoPickerCollectionView.m in Sources */ = {isa = PBXBuildFile; fileRef = 03E49C5A1D0B1A540034B1DB /* LGPhotoPickerCollectionView.m */; };
		03E49C6D1D0B1A540034B1DB /* LGPhotoPickerCollectionViewCell.m in Sources */ = {isa = PBXBuildFile; fileRef = 03E49C5C1D0B1A540034B1DB /* LGPhotoPickerCollectionViewCell.m */; };
		03E49C6E1D0B1A540034B1DB /* LGPhotoPickerFooterCollectionReusableView.m in Sources */ = {isa = PBXBuildFile; fileRef = 03E49C5E1D0B1A540034B1DB /* LGPhotoPickerFooterCollectionReusableView.m */; };
		03E49C6F1D0B1A540034B1DB /* LGPhotoPickerGroupTableViewCell.m in Sources */ = {isa = PBXBuildFile; fileRef = 03E49C601D0B1A540034B1DB /* LGPhotoPickerGroupTableViewCell.m */; };
		03E49C701D0B1A540034B1DB /* LGPhotoPickerImageView.m in Sources */ = {isa = PBXBuildFile; fileRef = 03E49C621D0B1A540034B1DB /* LGPhotoPickerImageView.m */; };
		03E49C711D0B1A540034B1DB /* PhotoCell.m in Sources */ = {isa = PBXBuildFile; fileRef = 03E49C641D0B1A540034B1DB /* PhotoCell.m */; };
		03E49C721D0B1A540034B1DB /* PhotoCell.xib in Resources */ = {isa = PBXBuildFile; fileRef = 03E49C651D0B1A540034B1DB /* PhotoCell.xib */; };
		03E49C761D0B1A910034B1DB /* UIView+Layout.m in Sources */ = {isa = PBXBuildFile; fileRef = 03E49C751D0B1A910034B1DB /* UIView+Layout.m */; };
		354ABC3F22A82ECC3C79BDBB /* libPods-MNiang.a in Frameworks */ = {isa = PBXBuildFile; fileRef = 8CD5D386AB18AE330676CF39 /* libPods-MNiang.a */; };
		A944C5761D06D07400AF06B7 /* MNDiscoverController.m in Sources */ = {isa = PBXBuildFile; fileRef = A944C5751D06D07400AF06B7 /* MNDiscoverController.m */; };
		A944C5791D06D08700AF06B7 /* MNHomeViewController.m in Sources */ = {isa = PBXBuildFile; fileRef = A944C5781D06D08700AF06B7 /* MNHomeViewController.m */; };
		A944C57C1D06D09400AF06B7 /* MNLoginViewController.m in Sources */ = {isa = PBXBuildFile; fileRef = A944C57B1D06D09400AF06B7 /* MNLoginViewController.m */; };
		A944C57F1D06D0E600AF06B7 /* MNMeViewController.m in Sources */ = {isa = PBXBuildFile; fileRef = A944C57E1D06D0E600AF06B7 /* MNMeViewController.m */; };
		A944C5821D06D0F300AF06B7 /* MNMessageViewController.m in Sources */ = {isa = PBXBuildFile; fileRef = A944C5811D06D0F300AF06B7 /* MNMessageViewController.m */; };
		A944C5881D06E40600AF06B7 /* UIControl+YYAdd.m in Sources */ = {isa = PBXBuildFile; fileRef = A944C5851D06E40600AF06B7 /* UIControl+YYAdd.m */; };
		A944C5891D06E40600AF06B7 /* UIGestureRecognizer+YYAdd.m in Sources */ = {isa = PBXBuildFile; fileRef = A944C5871D06E40600AF06B7 /* UIGestureRecognizer+YYAdd.m */; };
		A944C58C1D06E94400AF06B7 /* EBNetworkRequest.m in Sources */ = {isa = PBXBuildFile; fileRef = A944C58B1D06E94400AF06B7 /* EBNetworkRequest.m */; };
		A98C63491D0A5E2200B56695 /* MNHotViewController.m in Sources */ = {isa = PBXBuildFile; fileRef = A98C63481D0A5E2200B56695 /* MNHotViewController.m */; };
		A98C634C1D0A5E4800B56695 /* MNAttentionViewController.m in Sources */ = {isa = PBXBuildFile; fileRef = A98C634B1D0A5E4800B56695 /* MNAttentionViewController.m */; };
		A98C63551D0A70C500B56695 /* MNUserBaseCell.m in Sources */ = {isa = PBXBuildFile; fileRef = A98C63541D0A70C500B56695 /* MNUserBaseCell.m */; };
		A98C635B1D0A776100B56695 /* MNRecommendUserCell.m in Sources */ = {isa = PBXBuildFile; fileRef = A98C635A1D0A776100B56695 /* MNRecommendUserCell.m */; };
		A98C635E1D0A77DA00B56695 /* MNAttentionCell.m in Sources */ = {isa = PBXBuildFile; fileRef = A98C635D1D0A77DA00B56695 /* MNAttentionCell.m */; };
		A98C63611D0A90F400B56695 /* PHCollectionViewLayout.m in Sources */ = {isa = PBXBuildFile; fileRef = A98C63601D0A90F400B56695 /* PHCollectionViewLayout.m */; };
		A98C63651D0A928300B56695 /* MNImageViewCell.m in Sources */ = {isa = PBXBuildFile; fileRef = A98C63631D0A928300B56695 /* MNImageViewCell.m */; };
		A98C63661D0A928300B56695 /* MNImageViewCell.xib in Resources */ = {isa = PBXBuildFile; fileRef = A98C63641D0A928300B56695 /* MNImageViewCell.xib */; };
		A98C637A1D0A9FD400B56695 /* MNHotCollectionReusableView.m in Sources */ = {isa = PBXBuildFile; fileRef = A98C63781D0A9FD400B56695 /* MNHotCollectionReusableView.m */; };
		A98C637B1D0A9FD400B56695 /* MNHotCollectionReusableView.xib in Resources */ = {isa = PBXBuildFile; fileRef = A98C63791D0A9FD400B56695 /* MNHotCollectionReusableView.xib */; };
		A99D3A1F1D069A8B004EA884 /* main.m in Sources */ = {isa = PBXBuildFile; fileRef = A99D3A1E1D069A8B004EA884 /* main.m */; };
		A99D3A221D069A8B004EA884 /* AppDelegate.m in Sources */ = {isa = PBXBuildFile; fileRef = A99D3A211D069A8B004EA884 /* AppDelegate.m */; };
		A99D3A2A1D069A8B004EA884 /* Assets.xcassets in Resources */ = {isa = PBXBuildFile; fileRef = A99D3A291D069A8B004EA884 /* Assets.xcassets */; };
		A99D3A381D069A8B004EA884 /* MNiangTests.m in Sources */ = {isa = PBXBuildFile; fileRef = A99D3A371D069A8B004EA884 /* MNiangTests.m */; };
		A99D3A631D069C75004EA884 /* PHNavigationController.m in Sources */ = {isa = PBXBuildFile; fileRef = A99D3A5C1D069C75004EA884 /* PHNavigationController.m */; };
		A99D3A641D069C75004EA884 /* PHTabBarController.m in Sources */ = {isa = PBXBuildFile; fileRef = A99D3A5E1D069C75004EA884 /* PHTabBarController.m */; };
		A99D3A651D069C75004EA884 /* PHTableViewController.m in Sources */ = {isa = PBXBuildFile; fileRef = A99D3A601D069C75004EA884 /* PHTableViewController.m */; };
		A99D3A661D069C75004EA884 /* PHViewController.m in Sources */ = {isa = PBXBuildFile; fileRef = A99D3A621D069C75004EA884 /* PHViewController.m */; };
		A99D3A6B1D069CA0004EA884 /* PHTabBar.m in Sources */ = {isa = PBXBuildFile; fileRef = A99D3A681D069CA0004EA884 /* PHTabBar.m */; };
		A99D3A6C1D069CA0004EA884 /* PHTabBarButton.m in Sources */ = {isa = PBXBuildFile; fileRef = A99D3A6A1D069CA0004EA884 /* PHTabBarButton.m */; };
		A99D3A921D069F07004EA884 /* MBProgressHUD+MJ.m in Sources */ = {isa = PBXBuildFile; fileRef = A99D3A701D069F07004EA884 /* MBProgressHUD+MJ.m */; };
		A99D3A931D069F07004EA884 /* MBProgressHUD.bundle in Resources */ = {isa = PBXBuildFile; fileRef = A99D3A711D069F07004EA884 /* MBProgressHUD.bundle */; };
		A99D3A941D069F07004EA884 /* NSArray+MySeperateString.m in Sources */ = {isa = PBXBuildFile; fileRef = A99D3A731D069F07004EA884 /* NSArray+MySeperateString.m */; };
		A99D3A951D069F07004EA884 /* NSDate+PHCategory.m in Sources */ = {isa = PBXBuildFile; fileRef = A99D3A751D069F07004EA884 /* NSDate+PHCategory.m */; };
		A99D3A961D069F07004EA884 /* NSDictionary+PHCategory.m in Sources */ = {isa = PBXBuildFile; fileRef = A99D3A771D069F07004EA884 /* NSDictionary+PHCategory.m */; };
		A99D3A971D069F07004EA884 /* NSNumber+PHCategory.m in Sources */ = {isa = PBXBuildFile; fileRef = A99D3A791D069F07004EA884 /* NSNumber+PHCategory.m */; };
		A99D3A981D069F07004EA884 /* NSString+PHCategory.m in Sources */ = {isa = PBXBuildFile; fileRef = A99D3A7B1D069F07004EA884 /* NSString+PHCategory.m */; };
		A99D3A991D069F07004EA884 /* UIAlertView+Blocks.m in Sources */ = {isa = PBXBuildFile; fileRef = A99D3A7D1D069F07004EA884 /* UIAlertView+Blocks.m */; };
		A99D3A9A1D069F07004EA884 /* UIButton+EBButton.m in Sources */ = {isa = PBXBuildFile; fileRef = A99D3A7F1D069F07004EA884 /* UIButton+EBButton.m */; };
		A99D3A9B1D069F07004EA884 /* UIButton+PHCategory.m in Sources */ = {isa = PBXBuildFile; fileRef = A99D3A811D069F07004EA884 /* UIButton+PHCategory.m */; };
		A99D3A9C1D069F07004EA884 /* UIColor+PHCategory.m in Sources */ = {isa = PBXBuildFile; fileRef = A99D3A831D069F07004EA884 /* UIColor+PHCategory.m */; };
		A99D3A9D1D069F07004EA884 /* UIImage+PHCategory.m in Sources */ = {isa = PBXBuildFile; fileRef = A99D3A851D069F07004EA884 /* UIImage+PHCategory.m */; };
		A99D3A9E1D069F07004EA884 /* UILabel+PHCategory.m in Sources */ = {isa = PBXBuildFile; fileRef = A99D3A871D069F07004EA884 /* UILabel+PHCategory.m */; };
		A99D3A9F1D069F07004EA884 /* UIProgressView+PHCategory.m in Sources */ = {isa = PBXBuildFile; fileRef = A99D3A891D069F07004EA884 /* UIProgressView+PHCategory.m */; };
		A99D3AA01D069F07004EA884 /* UISlider+PHCategory.m in Sources */ = {isa = PBXBuildFile; fileRef = A99D3A8B1D069F07004EA884 /* UISlider+PHCategory.m */; };
		A99D3AA11D069F07004EA884 /* UITextField+PHCategory.m in Sources */ = {isa = PBXBuildFile; fileRef = A99D3A8D1D069F07004EA884 /* UITextField+PHCategory.m */; };
		A99D3AA21D069F07004EA884 /* UIView+PHLayout.m in Sources */ = {isa = PBXBuildFile; fileRef = A99D3A8F1D069F07004EA884 /* UIView+PHLayout.m */; };
		A99D3AA31D069F07004EA884 /* UIViewController+PHCategory.m in Sources */ = {isa = PBXBuildFile; fileRef = A99D3A911D069F07004EA884 /* UIViewController+PHCategory.m */; };
		A99D3AA61D069F5C004EA884 /* MNObject.m in Sources */ = {isa = PBXBuildFile; fileRef = A99D3AA51D069F5C004EA884 /* MNObject.m */; };
		A99D3AA91D069F99004EA884 /* PHKeyValueObserver.m in Sources */ = {isa = PBXBuildFile; fileRef = A99D3AA81D069F99004EA884 /* PHKeyValueObserver.m */; };
/* End PBXBuildFile section */

/* Begin PBXContainerItemProxy section */
		A99D3A341D069A8B004EA884 /* PBXContainerItemProxy */ = {
			isa = PBXContainerItemProxy;
			containerPortal = A99D3A121D069A89004EA884 /* Project object */;
			proxyType = 1;
			remoteGlobalIDString = A99D3A191D069A89004EA884;
			remoteInfo = MNiang;
		};
/* End PBXContainerItemProxy section */

/* Begin PBXFileReference section */
		03E49BF61D07129F0034B1DB /* HWTabBar.h */ = {isa = PBXFileReference; fileEncoding = 4; lastKnownFileType = sourcecode.c.h; path = HWTabBar.h; sourceTree = "<group>"; };
		03E49BF71D07129F0034B1DB /* HWTabBar.m */ = {isa = PBXFileReference; fileEncoding = 4; lastKnownFileType = sourcecode.c.objc; path = HWTabBar.m; sourceTree = "<group>"; };
		03E49C2F1D0B1A400034B1DB /* LGPhotoPickerBrowserPhoto.h */ = {isa = PBXFileReference; fileEncoding = 4; lastKnownFileType = sourcecode.c.h; path = LGPhotoPickerBrowserPhoto.h; sourceTree = "<group>"; };
		03E49C301D0B1A400034B1DB /* LGPhotoPickerBrowserPhoto.m */ = {isa = PBXFileReference; fileEncoding = 4; lastKnownFileType = sourcecode.c.objc; path = LGPhotoPickerBrowserPhoto.m; sourceTree = "<group>"; };
		03E49C311D0B1A400034B1DB /* LGPhotoRect.h */ = {isa = PBXFileReference; fileEncoding = 4; lastKnownFileType = sourcecode.c.h; path = LGPhotoRect.h; sourceTree = "<group>"; };
		03E49C321D0B1A400034B1DB /* LGPhotoRect.m */ = {isa = PBXFileReference; fileEncoding = 4; lastKnownFileType = sourcecode.c.objc; path = LGPhotoRect.m; sourceTree = "<group>"; };
		03E49C341D0B1A400034B1DB /* LGPhotoPickerBrowserViewController.h */ = {isa = PBXFileReference; fileEncoding = 4; lastKnownFileType = sourcecode.c.h; path = LGPhotoPickerBrowserViewController.h; sourceTree = "<group>"; };
		03E49C351D0B1A400034B1DB /* LGPhotoPickerBrowserViewController.m */ = {isa = PBXFileReference; fileEncoding = 4; lastKnownFileType = sourcecode.c.objc; path = LGPhotoPickerBrowserViewController.m; sourceTree = "<group>"; };
		03E49C371D0B1A400034B1DB /* LGImagePickerSelectView.h */ = {isa = PBXFileReference; fileEncoding = 4; lastKnownFileType = sourcecode.c.h; path = LGImagePickerSelectView.h; sourceTree = "<group>"; };
		03E49C381D0B1A400034B1DB /* LGImagePickerSelectView.m */ = {isa = PBXFileReference; fileEncoding = 4; lastKnownFileType = sourcecode.c.objc; path = LGImagePickerSelectView.m; sourceTree = "<group>"; };
		03E49C391D0B1A400034B1DB /* LGPhotoPickerBrowserPhotoImageView.h */ = {isa = PBXFileReference; fileEncoding = 4; lastKnownFileType = sourcecode.c.h; path = LGPhotoPickerBrowserPhotoImageView.h; sourceTree = "<group>"; };
		03E49C3A1D0B1A400034B1DB /* LGPhotoPickerBrowserPhotoImageView.m */ = {isa = PBXFileReference; fileEncoding = 4; lastKnownFileType = sourcecode.c.objc; path = LGPhotoPickerBrowserPhotoImageView.m; sourceTree = "<group>"; };
		03E49C3B1D0B1A400034B1DB /* LGPhotoPickerBrowserPhotoScrollView.h */ = {isa = PBXFileReference; fileEncoding = 4; lastKnownFileType = sourcecode.c.h; path = LGPhotoPickerBrowserPhotoScrollView.h; sourceTree = "<group>"; };
		03E49C3C1D0B1A400034B1DB /* LGPhotoPickerBrowserPhotoScrollView.m */ = {isa = PBXFileReference; fileEncoding = 4; lastKnownFileType = sourcecode.c.objc; path = LGPhotoPickerBrowserPhotoScrollView.m; sourceTree = "<group>"; };
		03E49C3D1D0B1A400034B1DB /* LGPhotoPickerBrowserPhotoView.h */ = {isa = PBXFileReference; fileEncoding = 4; lastKnownFileType = sourcecode.c.h; path = LGPhotoPickerBrowserPhotoView.h; sourceTree = "<group>"; };
		03E49C3E1D0B1A400034B1DB /* LGPhotoPickerBrowserPhotoView.m */ = {isa = PBXFileReference; fileEncoding = 4; lastKnownFileType = sourcecode.c.objc; path = LGPhotoPickerBrowserPhotoView.m; sourceTree = "<group>"; };
		03E49C3F1D0B1A400034B1DB /* LGPhotoPickerCustomToolBarView.h */ = {isa = PBXFileReference; fileEncoding = 4; lastKnownFileType = sourcecode.c.h; path = LGPhotoPickerCustomToolBarView.h; sourceTree = "<group>"; };
		03E49C401D0B1A400034B1DB /* LGPhotoPickerCustomToolBarView.m */ = {isa = PBXFileReference; fileEncoding = 4; lastKnownFileType = sourcecode.c.objc; path = LGPhotoPickerCustomToolBarView.m; sourceTree = "<group>"; };
		03E49C4B1D0B1A540034B1DB /* LGPhotoAssets.h */ = {isa = PBXFileReference; fileEncoding = 4; lastKnownFileType = sourcecode.c.h; path = LGPhotoAssets.h; sourceTree = "<group>"; };
		03E49C4C1D0B1A540034B1DB /* LGPhotoAssets.m */ = {isa = PBXFileReference; fileEncoding = 4; lastKnownFileType = sourcecode.c.objc; path = LGPhotoAssets.m; sourceTree = "<group>"; };
		03E49C4D1D0B1A540034B1DB /* LGPhotoPickerDatas.h */ = {isa = PBXFileReference; fileEncoding = 4; lastKnownFileType = sourcecode.c.h; path = LGPhotoPickerDatas.h; sourceTree = "<group>"; };
		03E49C4E1D0B1A540034B1DB /* LGPhotoPickerDatas.m */ = {isa = PBXFileReference; fileEncoding = 4; lastKnownFileType = sourcecode.c.objc; path = LGPhotoPickerDatas.m; sourceTree = "<group>"; };
		03E49C4F1D0B1A540034B1DB /* LGPhotoPickerGroup.h */ = {isa = PBXFileReference; fileEncoding = 4; lastKnownFileType = sourcecode.c.h; path = LGPhotoPickerGroup.h; sourceTree = "<group>"; };
		03E49C501D0B1A540034B1DB /* LGPhotoPickerGroup.m */ = {isa = PBXFileReference; fileEncoding = 4; lastKnownFileType = sourcecode.c.objc; path = LGPhotoPickerGroup.m; sourceTree = "<group>"; };
		03E49C521D0B1A540034B1DB /* LGPhotoPickerAssetsViewController.h */ = {isa = PBXFileReference; fileEncoding = 4; lastKnownFileType = sourcecode.c.h; path = LGPhotoPickerAssetsViewController.h; sourceTree = "<group>"; };
		03E49C531D0B1A540034B1DB /* LGPhotoPickerAssetsViewController.m */ = {isa = PBXFileReference; fileEncoding = 4; lastKnownFileType = sourcecode.c.objc; path = LGPhotoPickerAssetsViewController.m; sourceTree = "<group>"; };
		03E49C541D0B1A540034B1DB /* LGPhotoPickerGroupViewController.h */ = {isa = PBXFileReference; fileEncoding = 4; lastKnownFileType = sourcecode.c.h; path = LGPhotoPickerGroupViewController.h; sourceTree = "<group>"; };
		03E49C551D0B1A540034B1DB /* LGPhotoPickerGroupViewController.m */ = {isa = PBXFileReference; fileEncoding = 4; lastKnownFileType = sourcecode.c.objc; path = LGPhotoPickerGroupViewController.m; sourceTree = "<group>"; };
		03E49C561D0B1A540034B1DB /* LGPhotoPickerViewController.h */ = {isa = PBXFileReference; fileEncoding = 4; lastKnownFileType = sourcecode.c.h; path = LGPhotoPickerViewController.h; sourceTree = "<group>"; };
		03E49C571D0B1A540034B1DB /* LGPhotoPickerViewController.m */ = {isa = PBXFileReference; fileEncoding = 4; lastKnownFileType = sourcecode.c.objc; path = LGPhotoPickerViewController.m; sourceTree = "<group>"; };
		03E49C591D0B1A540034B1DB /* LGPhotoPickerCollectionView.h */ = {isa = PBXFileReference; fileEncoding = 4; lastKnownFileType = sourcecode.c.h; path = LGPhotoPickerCollectionView.h; sourceTree = "<group>"; };
		03E49C5A1D0B1A540034B1DB /* LGPhotoPickerCollectionView.m */ = {isa = PBXFileReference; fileEncoding = 4; lastKnownFileType = sourcecode.c.objc; path = LGPhotoPickerCollectionView.m; sourceTree = "<group>"; };
		03E49C5B1D0B1A540034B1DB /* LGPhotoPickerCollectionViewCell.h */ = {isa = PBXFileReference; fileEncoding = 4; lastKnownFileType = sourcecode.c.h; path = LGPhotoPickerCollectionViewCell.h; sourceTree = "<group>"; };
		03E49C5C1D0B1A540034B1DB /* LGPhotoPickerCollectionViewCell.m */ = {isa = PBXFileReference; fileEncoding = 4; lastKnownFileType = sourcecode.c.objc; path = LGPhotoPickerCollectionViewCell.m; sourceTree = "<group>"; };
		03E49C5D1D0B1A540034B1DB /* LGPhotoPickerFooterCollectionReusableView.h */ = {isa = PBXFileReference; fileEncoding = 4; lastKnownFileType = sourcecode.c.h; path = LGPhotoPickerFooterCollectionReusableView.h; sourceTree = "<group>"; };
		03E49C5E1D0B1A540034B1DB /* LGPhotoPickerFooterCollectionReusableView.m */ = {isa = PBXFileReference; fileEncoding = 4; lastKnownFileType = sourcecode.c.objc; path = LGPhotoPickerFooterCollectionReusableView.m; sourceTree = "<group>"; };
		03E49C5F1D0B1A540034B1DB /* LGPhotoPickerGroupTableViewCell.h */ = {isa = PBXFileReference; fileEncoding = 4; lastKnownFileType = sourcecode.c.h; path = LGPhotoPickerGroupTableViewCell.h; sourceTree = "<group>"; };
		03E49C601D0B1A540034B1DB /* LGPhotoPickerGroupTableViewCell.m */ = {isa = PBXFileReference; fileEncoding = 4; lastKnownFileType = sourcecode.c.objc; path = LGPhotoPickerGroupTableViewCell.m; sourceTree = "<group>"; };
		03E49C611D0B1A540034B1DB /* LGPhotoPickerImageView.h */ = {isa = PBXFileReference; fileEncoding = 4; lastKnownFileType = sourcecode.c.h; path = LGPhotoPickerImageView.h; sourceTree = "<group>"; };
		03E49C621D0B1A540034B1DB /* LGPhotoPickerImageView.m */ = {isa = PBXFileReference; fileEncoding = 4; lastKnownFileType = sourcecode.c.objc; path = LGPhotoPickerImageView.m; sourceTree = "<group>"; };
		03E49C631D0B1A540034B1DB /* PhotoCell.h */ = {isa = PBXFileReference; fileEncoding = 4; lastKnownFileType = sourcecode.c.h; path = PhotoCell.h; sourceTree = "<group>"; };
		03E49C641D0B1A540034B1DB /* PhotoCell.m */ = {isa = PBXFileReference; fileEncoding = 4; lastKnownFileType = sourcecode.c.objc; path = PhotoCell.m; sourceTree = "<group>"; };
		03E49C651D0B1A540034B1DB /* PhotoCell.xib */ = {isa = PBXFileReference; fileEncoding = 4; lastKnownFileType = file.xib; path = PhotoCell.xib; sourceTree = "<group>"; };
		03E49C741D0B1A910034B1DB /* UIView+Layout.h */ = {isa = PBXFileReference; fileEncoding = 4; lastKnownFileType = sourcecode.c.h; path = "UIView+Layout.h"; sourceTree = "<group>"; };
		03E49C751D0B1A910034B1DB /* UIView+Layout.m */ = {isa = PBXFileReference; fileEncoding = 4; lastKnownFileType = sourcecode.c.objc; path = "UIView+Layout.m"; sourceTree = "<group>"; };
		03E49C771D0B1AE10034B1DB /* LGPhoto.h */ = {isa = PBXFileReference; fileEncoding = 4; lastKnownFileType = sourcecode.c.h; path = LGPhoto.h; sourceTree = "<group>"; };
		03E49C781D0B1AE10034B1DB /* LGPhotoPickerCommon.h */ = {isa = PBXFileReference; fileEncoding = 4; lastKnownFileType = sourcecode.c.h; path = LGPhotoPickerCommon.h; sourceTree = "<group>"; };
		8CD5D386AB18AE330676CF39 /* libPods-MNiang.a */ = {isa = PBXFileReference; explicitFileType = archive.ar; includeInIndex = 0; path = "libPods-MNiang.a"; sourceTree = BUILT_PRODUCTS_DIR; };
		A944C5741D06D07400AF06B7 /* MNDiscoverController.h */ = {isa = PBXFileReference; fileEncoding = 4; lastKnownFileType = sourcecode.c.h; path = MNDiscoverController.h; sourceTree = "<group>"; };
		A944C5751D06D07400AF06B7 /* MNDiscoverController.m */ = {isa = PBXFileReference; fileEncoding = 4; lastKnownFileType = sourcecode.c.objc; path = MNDiscoverController.m; sourceTree = "<group>"; };
		A944C5771D06D08700AF06B7 /* MNHomeViewController.h */ = {isa = PBXFileReference; fileEncoding = 4; lastKnownFileType = sourcecode.c.h; path = MNHomeViewController.h; sourceTree = "<group>"; };
		A944C5781D06D08700AF06B7 /* MNHomeViewController.m */ = {isa = PBXFileReference; fileEncoding = 4; lastKnownFileType = sourcecode.c.objc; path = MNHomeViewController.m; sourceTree = "<group>"; };
		A944C57A1D06D09400AF06B7 /* MNLoginViewController.h */ = {isa = PBXFileReference; fileEncoding = 4; lastKnownFileType = sourcecode.c.h; path = MNLoginViewController.h; sourceTree = "<group>"; };
		A944C57B1D06D09400AF06B7 /* MNLoginViewController.m */ = {isa = PBXFileReference; fileEncoding = 4; lastKnownFileType = sourcecode.c.objc; path = MNLoginViewController.m; sourceTree = "<group>"; };
		A944C57D1D06D0E600AF06B7 /* MNMeViewController.h */ = {isa = PBXFileReference; fileEncoding = 4; lastKnownFileType = sourcecode.c.h; path = MNMeViewController.h; sourceTree = "<group>"; };
		A944C57E1D06D0E600AF06B7 /* MNMeViewController.m */ = {isa = PBXFileReference; fileEncoding = 4; lastKnownFileType = sourcecode.c.objc; path = MNMeViewController.m; sourceTree = "<group>"; };
		A944C5801D06D0F300AF06B7 /* MNMessageViewController.h */ = {isa = PBXFileReference; fileEncoding = 4; lastKnownFileType = sourcecode.c.h; path = MNMessageViewController.h; sourceTree = "<group>"; };
		A944C5811D06D0F300AF06B7 /* MNMessageViewController.m */ = {isa = PBXFileReference; fileEncoding = 4; lastKnownFileType = sourcecode.c.objc; path = MNMessageViewController.m; sourceTree = "<group>"; };
		A944C5841D06E40600AF06B7 /* UIControl+YYAdd.h */ = {isa = PBXFileReference; fileEncoding = 4; lastKnownFileType = sourcecode.c.h; path = "UIControl+YYAdd.h"; sourceTree = "<group>"; };
		A944C5851D06E40600AF06B7 /* UIControl+YYAdd.m */ = {isa = PBXFileReference; fileEncoding = 4; lastKnownFileType = sourcecode.c.objc; path = "UIControl+YYAdd.m"; sourceTree = "<group>"; };
		A944C5861D06E40600AF06B7 /* UIGestureRecognizer+YYAdd.h */ = {isa = PBXFileReference; fileEncoding = 4; lastKnownFileType = sourcecode.c.h; path = "UIGestureRecognizer+YYAdd.h"; sourceTree = "<group>"; };
		A944C5871D06E40600AF06B7 /* UIGestureRecognizer+YYAdd.m */ = {isa = PBXFileReference; fileEncoding = 4; lastKnownFileType = sourcecode.c.objc; path = "UIGestureRecognizer+YYAdd.m"; sourceTree = "<group>"; };
		A944C58A1D06E94400AF06B7 /* EBNetworkRequest.h */ = {isa = PBXFileReference; fileEncoding = 4; lastKnownFileType = sourcecode.c.h; path = EBNetworkRequest.h; sourceTree = "<group>"; };
		A944C58B1D06E94400AF06B7 /* EBNetworkRequest.m */ = {isa = PBXFileReference; fileEncoding = 4; lastKnownFileType = sourcecode.c.objc; path = EBNetworkRequest.m; sourceTree = "<group>"; };
		A944C58D1D06E9CD00AF06B7 /* Singleton.h */ = {isa = PBXFileReference; fileEncoding = 4; lastKnownFileType = sourcecode.c.h; path = Singleton.h; sourceTree = "<group>"; };
		A98C63471D0A5E2200B56695 /* MNHotViewController.h */ = {isa = PBXFileReference; fileEncoding = 4; lastKnownFileType = sourcecode.c.h; path = MNHotViewController.h; sourceTree = "<group>"; };
		A98C63481D0A5E2200B56695 /* MNHotViewController.m */ = {isa = PBXFileReference; fileEncoding = 4; lastKnownFileType = sourcecode.c.objc; path = MNHotViewController.m; sourceTree = "<group>"; };
		A98C634A1D0A5E4800B56695 /* MNAttentionViewController.h */ = {isa = PBXFileReference; fileEncoding = 4; lastKnownFileType = sourcecode.c.h; path = MNAttentionViewController.h; sourceTree = "<group>"; };
		A98C634B1D0A5E4800B56695 /* MNAttentionViewController.m */ = {isa = PBXFileReference; fileEncoding = 4; lastKnownFileType = sourcecode.c.objc; path = MNAttentionViewController.m; sourceTree = "<group>"; };
		A98C63531D0A70C500B56695 /* MNUserBaseCell.h */ = {isa = PBXFileReference; fileEncoding = 4; lastKnownFileType = sourcecode.c.h; path = MNUserBaseCell.h; sourceTree = "<group>"; };
		A98C63541D0A70C500B56695 /* MNUserBaseCell.m */ = {isa = PBXFileReference; fileEncoding = 4; lastKnownFileType = sourcecode.c.objc; path = MNUserBaseCell.m; sourceTree = "<group>"; };
		A98C63591D0A776100B56695 /* MNRecommendUserCell.h */ = {isa = PBXFileReference; fileEncoding = 4; lastKnownFileType = sourcecode.c.h; path = MNRecommendUserCell.h; sourceTree = "<group>"; };
		A98C635A1D0A776100B56695 /* MNRecommendUserCell.m */ = {isa = PBXFileReference; fileEncoding = 4; lastKnownFileType = sourcecode.c.objc; path = MNRecommendUserCell.m; sourceTree = "<group>"; };
		A98C635C1D0A77DA00B56695 /* MNAttentionCell.h */ = {isa = PBXFileReference; fileEncoding = 4; lastKnownFileType = sourcecode.c.h; path = MNAttentionCell.h; sourceTree = "<group>"; };
		A98C635D1D0A77DA00B56695 /* MNAttentionCell.m */ = {isa = PBXFileReference; fileEncoding = 4; lastKnownFileType = sourcecode.c.objc; path = MNAttentionCell.m; sourceTree = "<group>"; };
		A98C635F1D0A90F400B56695 /* PHCollectionViewLayout.h */ = {isa = PBXFileReference; fileEncoding = 4; lastKnownFileType = sourcecode.c.h; path = PHCollectionViewLayout.h; sourceTree = "<group>"; };
		A98C63601D0A90F400B56695 /* PHCollectionViewLayout.m */ = {isa = PBXFileReference; fileEncoding = 4; lastKnownFileType = sourcecode.c.objc; path = PHCollectionViewLayout.m; sourceTree = "<group>"; };
		A98C63621D0A928300B56695 /* MNImageViewCell.h */ = {isa = PBXFileReference; fileEncoding = 4; lastKnownFileType = sourcecode.c.h; path = MNImageViewCell.h; sourceTree = "<group>"; };
		A98C63631D0A928300B56695 /* MNImageViewCell.m */ = {isa = PBXFileReference; fileEncoding = 4; lastKnownFileType = sourcecode.c.objc; path = MNImageViewCell.m; sourceTree = "<group>"; };
		A98C63641D0A928300B56695 /* MNImageViewCell.xib */ = {isa = PBXFileReference; fileEncoding = 4; lastKnownFileType = file.xib; path = MNImageViewCell.xib; sourceTree = "<group>"; };
		A98C63771D0A9FD400B56695 /* MNHotCollectionReusableView.h */ = {isa = PBXFileReference; fileEncoding = 4; lastKnownFileType = sourcecode.c.h; path = MNHotCollectionReusableView.h; sourceTree = "<group>"; };
		A98C63781D0A9FD400B56695 /* MNHotCollectionReusableView.m */ = {isa = PBXFileReference; fileEncoding = 4; lastKnownFileType = sourcecode.c.objc; path = MNHotCollectionReusableView.m; sourceTree = "<group>"; };
		A98C63791D0A9FD400B56695 /* MNHotCollectionReusableView.xib */ = {isa = PBXFileReference; fileEncoding = 4; lastKnownFileType = file.xib; path = MNHotCollectionReusableView.xib; sourceTree = "<group>"; };
		A99D3A1A1D069A89004EA884 /* MNiang.app */ = {isa = PBXFileReference; explicitFileType = wrapper.application; includeInIndex = 0; path = MNiang.app; sourceTree = BUILT_PRODUCTS_DIR; };
		A99D3A1E1D069A8B004EA884 /* main.m */ = {isa = PBXFileReference; lastKnownFileType = sourcecode.c.objc; path = main.m; sourceTree = "<group>"; };
		A99D3A201D069A8B004EA884 /* AppDelegate.h */ = {isa = PBXFileReference; lastKnownFileType = sourcecode.c.h; path = AppDelegate.h; sourceTree = "<group>"; };
		A99D3A211D069A8B004EA884 /* AppDelegate.m */ = {isa = PBXFileReference; lastKnownFileType = sourcecode.c.objc; path = AppDelegate.m; sourceTree = "<group>"; };
		A99D3A291D069A8B004EA884 /* Assets.xcassets */ = {isa = PBXFileReference; lastKnownFileType = folder.assetcatalog; path = Assets.xcassets; sourceTree = "<group>"; };
		A99D3A2E1D069A8B004EA884 /* Info.plist */ = {isa = PBXFileReference; lastKnownFileType = text.plist.xml; path = Info.plist; sourceTree = "<group>"; };
		A99D3A331D069A8B004EA884 /* MNiangTests.xctest */ = {isa = PBXFileReference; explicitFileType = wrapper.cfbundle; includeInIndex = 0; path = MNiangTests.xctest; sourceTree = BUILT_PRODUCTS_DIR; };
		A99D3A371D069A8B004EA884 /* MNiangTests.m */ = {isa = PBXFileReference; lastKnownFileType = sourcecode.c.objc; path = MNiangTests.m; sourceTree = "<group>"; };
		A99D3A391D069A8B004EA884 /* Info.plist */ = {isa = PBXFileReference; lastKnownFileType = text.plist.xml; path = Info.plist; sourceTree = "<group>"; };
		A99D3A5B1D069C75004EA884 /* PHNavigationController.h */ = {isa = PBXFileReference; fileEncoding = 4; lastKnownFileType = sourcecode.c.h; path = PHNavigationController.h; sourceTree = "<group>"; };
		A99D3A5C1D069C75004EA884 /* PHNavigationController.m */ = {isa = PBXFileReference; fileEncoding = 4; lastKnownFileType = sourcecode.c.objc; path = PHNavigationController.m; sourceTree = "<group>"; };
		A99D3A5D1D069C75004EA884 /* PHTabBarController.h */ = {isa = PBXFileReference; fileEncoding = 4; lastKnownFileType = sourcecode.c.h; path = PHTabBarController.h; sourceTree = "<group>"; };
		A99D3A5E1D069C75004EA884 /* PHTabBarController.m */ = {isa = PBXFileReference; fileEncoding = 4; lastKnownFileType = sourcecode.c.objc; path = PHTabBarController.m; sourceTree = "<group>"; };
		A99D3A5F1D069C75004EA884 /* PHTableViewController.h */ = {isa = PBXFileReference; fileEncoding = 4; lastKnownFileType = sourcecode.c.h; path = PHTableViewController.h; sourceTree = "<group>"; };
		A99D3A601D069C75004EA884 /* PHTableViewController.m */ = {isa = PBXFileReference; fileEncoding = 4; lastKnownFileType = sourcecode.c.objc; path = PHTableViewController.m; sourceTree = "<group>"; };
		A99D3A611D069C75004EA884 /* PHViewController.h */ = {isa = PBXFileReference; fileEncoding = 4; lastKnownFileType = sourcecode.c.h; path = PHViewController.h; sourceTree = "<group>"; };
		A99D3A621D069C75004EA884 /* PHViewController.m */ = {isa = PBXFileReference; fileEncoding = 4; lastKnownFileType = sourcecode.c.objc; path = PHViewController.m; sourceTree = "<group>"; };
		A99D3A671D069CA0004EA884 /* PHTabBar.h */ = {isa = PBXFileReference; fileEncoding = 4; lastKnownFileType = sourcecode.c.h; path = PHTabBar.h; sourceTree = "<group>"; };
		A99D3A681D069CA0004EA884 /* PHTabBar.m */ = {isa = PBXFileReference; fileEncoding = 4; lastKnownFileType = sourcecode.c.objc; path = PHTabBar.m; sourceTree = "<group>"; };
		A99D3A691D069CA0004EA884 /* PHTabBarButton.h */ = {isa = PBXFileReference; fileEncoding = 4; lastKnownFileType = sourcecode.c.h; path = PHTabBarButton.h; sourceTree = "<group>"; };
		A99D3A6A1D069CA0004EA884 /* PHTabBarButton.m */ = {isa = PBXFileReference; fileEncoding = 4; lastKnownFileType = sourcecode.c.objc; path = PHTabBarButton.m; sourceTree = "<group>"; };
		A99D3A6D1D069DFF004EA884 /* MNiang.pch */ = {isa = PBXFileReference; lastKnownFileType = sourcecode.c.h; path = MNiang.pch; sourceTree = "<group>"; };
		A99D3A6F1D069F07004EA884 /* MBProgressHUD+MJ.h */ = {isa = PBXFileReference; fileEncoding = 4; lastKnownFileType = sourcecode.c.h; path = "MBProgressHUD+MJ.h"; sourceTree = "<group>"; };
		A99D3A701D069F07004EA884 /* MBProgressHUD+MJ.m */ = {isa = PBXFileReference; fileEncoding = 4; lastKnownFileType = sourcecode.c.objc; path = "MBProgressHUD+MJ.m"; sourceTree = "<group>"; };
		A99D3A711D069F07004EA884 /* MBProgressHUD.bundle */ = {isa = PBXFileReference; lastKnownFileType = "wrapper.plug-in"; path = MBProgressHUD.bundle; sourceTree = "<group>"; };
		A99D3A721D069F07004EA884 /* NSArray+MySeperateString.h */ = {isa = PBXFileReference; fileEncoding = 4; lastKnownFileType = sourcecode.c.h; path = "NSArray+MySeperateString.h"; sourceTree = "<group>"; };
		A99D3A731D069F07004EA884 /* NSArray+MySeperateString.m */ = {isa = PBXFileReference; fileEncoding = 4; lastKnownFileType = sourcecode.c.objc; path = "NSArray+MySeperateString.m"; sourceTree = "<group>"; };
		A99D3A741D069F07004EA884 /* NSDate+PHCategory.h */ = {isa = PBXFileReference; fileEncoding = 4; lastKnownFileType = sourcecode.c.h; path = "NSDate+PHCategory.h"; sourceTree = "<group>"; };
		A99D3A751D069F07004EA884 /* NSDate+PHCategory.m */ = {isa = PBXFileReference; fileEncoding = 4; lastKnownFileType = sourcecode.c.objc; path = "NSDate+PHCategory.m"; sourceTree = "<group>"; };
		A99D3A761D069F07004EA884 /* NSDictionary+PHCategory.h */ = {isa = PBXFileReference; fileEncoding = 4; lastKnownFileType = sourcecode.c.h; path = "NSDictionary+PHCategory.h"; sourceTree = "<group>"; };
		A99D3A771D069F07004EA884 /* NSDictionary+PHCategory.m */ = {isa = PBXFileReference; fileEncoding = 4; lastKnownFileType = sourcecode.c.objc; path = "NSDictionary+PHCategory.m"; sourceTree = "<group>"; };
		A99D3A781D069F07004EA884 /* NSNumber+PHCategory.h */ = {isa = PBXFileReference; fileEncoding = 4; lastKnownFileType = sourcecode.c.h; path = "NSNumber+PHCategory.h"; sourceTree = "<group>"; };
		A99D3A791D069F07004EA884 /* NSNumber+PHCategory.m */ = {isa = PBXFileReference; fileEncoding = 4; lastKnownFileType = sourcecode.c.objc; path = "NSNumber+PHCategory.m"; sourceTree = "<group>"; };
		A99D3A7A1D069F07004EA884 /* NSString+PHCategory.h */ = {isa = PBXFileReference; fileEncoding = 4; lastKnownFileType = sourcecode.c.h; path = "NSString+PHCategory.h"; sourceTree = "<group>"; };
		A99D3A7B1D069F07004EA884 /* NSString+PHCategory.m */ = {isa = PBXFileReference; fileEncoding = 4; lastKnownFileType = sourcecode.c.objc; path = "NSString+PHCategory.m"; sourceTree = "<group>"; };
		A99D3A7C1D069F07004EA884 /* UIAlertView+Blocks.h */ = {isa = PBXFileReference; fileEncoding = 4; lastKnownFileType = sourcecode.c.h; path = "UIAlertView+Blocks.h"; sourceTree = "<group>"; };
		A99D3A7D1D069F07004EA884 /* UIAlertView+Blocks.m */ = {isa = PBXFileReference; fileEncoding = 4; lastKnownFileType = sourcecode.c.objc; path = "UIAlertView+Blocks.m"; sourceTree = "<group>"; };
		A99D3A7E1D069F07004EA884 /* UIButton+EBButton.h */ = {isa = PBXFileReference; fileEncoding = 4; lastKnownFileType = sourcecode.c.h; path = "UIButton+EBButton.h"; sourceTree = "<group>"; };
		A99D3A7F1D069F07004EA884 /* UIButton+EBButton.m */ = {isa = PBXFileReference; fileEncoding = 4; lastKnownFileType = sourcecode.c.objc; path = "UIButton+EBButton.m"; sourceTree = "<group>"; };
		A99D3A801D069F07004EA884 /* UIButton+PHCategory.h */ = {isa = PBXFileReference; fileEncoding = 4; lastKnownFileType = sourcecode.c.h; path = "UIButton+PHCategory.h"; sourceTree = "<group>"; };
		A99D3A811D069F07004EA884 /* UIButton+PHCategory.m */ = {isa = PBXFileReference; fileEncoding = 4; lastKnownFileType = sourcecode.c.objc; path = "UIButton+PHCategory.m"; sourceTree = "<group>"; };
		A99D3A821D069F07004EA884 /* UIColor+PHCategory.h */ = {isa = PBXFileReference; fileEncoding = 4; lastKnownFileType = sourcecode.c.h; path = "UIColor+PHCategory.h"; sourceTree = "<group>"; };
		A99D3A831D069F07004EA884 /* UIColor+PHCategory.m */ = {isa = PBXFileReference; fileEncoding = 4; lastKnownFileType = sourcecode.c.objc; path = "UIColor+PHCategory.m"; sourceTree = "<group>"; };
		A99D3A841D069F07004EA884 /* UIImage+PHCategory.h */ = {isa = PBXFileReference; fileEncoding = 4; lastKnownFileType = sourcecode.c.h; path = "UIImage+PHCategory.h"; sourceTree = "<group>"; };
		A99D3A851D069F07004EA884 /* UIImage+PHCategory.m */ = {isa = PBXFileReference; fileEncoding = 4; lastKnownFileType = sourcecode.c.objc; path = "UIImage+PHCategory.m"; sourceTree = "<group>"; };
		A99D3A861D069F07004EA884 /* UILabel+PHCategory.h */ = {isa = PBXFileReference; fileEncoding = 4; lastKnownFileType = sourcecode.c.h; path = "UILabel+PHCategory.h"; sourceTree = "<group>"; };
		A99D3A871D069F07004EA884 /* UILabel+PHCategory.m */ = {isa = PBXFileReference; fileEncoding = 4; lastKnownFileType = sourcecode.c.objc; path = "UILabel+PHCategory.m"; sourceTree = "<group>"; };
		A99D3A881D069F07004EA884 /* UIProgressView+PHCategory.h */ = {isa = PBXFileReference; fileEncoding = 4; lastKnownFileType = sourcecode.c.h; path = "UIProgressView+PHCategory.h"; sourceTree = "<group>"; };
		A99D3A891D069F07004EA884 /* UIProgressView+PHCategory.m */ = {isa = PBXFileReference; fileEncoding = 4; lastKnownFileType = sourcecode.c.objc; path = "UIProgressView+PHCategory.m"; sourceTree = "<group>"; };
		A99D3A8A1D069F07004EA884 /* UISlider+PHCategory.h */ = {isa = PBXFileReference; fileEncoding = 4; lastKnownFileType = sourcecode.c.h; path = "UISlider+PHCategory.h"; sourceTree = "<group>"; };
		A99D3A8B1D069F07004EA884 /* UISlider+PHCategory.m */ = {isa = PBXFileReference; fileEncoding = 4; lastKnownFileType = sourcecode.c.objc; path = "UISlider+PHCategory.m"; sourceTree = "<group>"; };
		A99D3A8C1D069F07004EA884 /* UITextField+PHCategory.h */ = {isa = PBXFileReference; fileEncoding = 4; lastKnownFileType = sourcecode.c.h; path = "UITextField+PHCategory.h"; sourceTree = "<group>"; };
		A99D3A8D1D069F07004EA884 /* UITextField+PHCategory.m */ = {isa = PBXFileReference; fileEncoding = 4; lastKnownFileType = sourcecode.c.objc; path = "UITextField+PHCategory.m"; sourceTree = "<group>"; };
		A99D3A8E1D069F07004EA884 /* UIView+PHLayout.h */ = {isa = PBXFileReference; fileEncoding = 4; lastKnownFileType = sourcecode.c.h; path = "UIView+PHLayout.h"; sourceTree = "<group>"; };
		A99D3A8F1D069F07004EA884 /* UIView+PHLayout.m */ = {isa = PBXFileReference; fileEncoding = 4; lastKnownFileType = sourcecode.c.objc; path = "UIView+PHLayout.m"; sourceTree = "<group>"; };
		A99D3A901D069F07004EA884 /* UIViewController+PHCategory.h */ = {isa = PBXFileReference; fileEncoding = 4; lastKnownFileType = sourcecode.c.h; path = "UIViewController+PHCategory.h"; sourceTree = "<group>"; };
		A99D3A911D069F07004EA884 /* UIViewController+PHCategory.m */ = {isa = PBXFileReference; fileEncoding = 4; lastKnownFileType = sourcecode.c.objc; path = "UIViewController+PHCategory.m"; sourceTree = "<group>"; };
		A99D3AA41D069F5C004EA884 /* MNObject.h */ = {isa = PBXFileReference; fileEncoding = 4; lastKnownFileType = sourcecode.c.h; path = MNObject.h; sourceTree = "<group>"; };
		A99D3AA51D069F5C004EA884 /* MNObject.m */ = {isa = PBXFileReference; fileEncoding = 4; lastKnownFileType = sourcecode.c.objc; path = MNObject.m; sourceTree = "<group>"; };
		A99D3AA71D069F99004EA884 /* PHKeyValueObserver.h */ = {isa = PBXFileReference; fileEncoding = 4; lastKnownFileType = sourcecode.c.h; path = PHKeyValueObserver.h; sourceTree = "<group>"; };
		A99D3AA81D069F99004EA884 /* PHKeyValueObserver.m */ = {isa = PBXFileReference; fileEncoding = 4; lastKnownFileType = sourcecode.c.objc; path = PHKeyValueObserver.m; sourceTree = "<group>"; };
		B5E75D97E04F412AEEBE0DDA /* Pods-MNiang.release.xcconfig */ = {isa = PBXFileReference; includeInIndex = 1; lastKnownFileType = text.xcconfig; name = "Pods-MNiang.release.xcconfig"; path = "Pods/Target Support Files/Pods-MNiang/Pods-MNiang.release.xcconfig"; sourceTree = "<group>"; };
		F734DDE2E21976FB82F47731 /* Pods-MNiang.debug.xcconfig */ = {isa = PBXFileReference; includeInIndex = 1; lastKnownFileType = text.xcconfig; name = "Pods-MNiang.debug.xcconfig"; path = "Pods/Target Support Files/Pods-MNiang/Pods-MNiang.debug.xcconfig"; sourceTree = "<group>"; };
/* End PBXFileReference section */

/* Begin PBXFrameworksBuildPhase section */
		A99D3A171D069A89004EA884 /* Frameworks */ = {
			isa = PBXFrameworksBuildPhase;
			buildActionMask = 2147483647;
			files = (
				354ABC3F22A82ECC3C79BDBB /* libPods-MNiang.a in Frameworks */,
			);
			runOnlyForDeploymentPostprocessing = 0;
		};
		A99D3A301D069A8B004EA884 /* Frameworks */ = {
			isa = PBXFrameworksBuildPhase;
			buildActionMask = 2147483647;
			files = (
			);
			runOnlyForDeploymentPostprocessing = 0;
		};
/* End PBXFrameworksBuildPhase section */

/* Begin PBXGroup section */
		03E49C241D0B19C20034B1DB /* Multimedia */ = {
			isa = PBXGroup;
			children = (
				03E49C771D0B1AE10034B1DB /* LGPhoto.h */,
				03E49C781D0B1AE10034B1DB /* LGPhotoPickerCommon.h */,
				03E49C731D0B1A910034B1DB /* Category */,
				03E49C491D0B1A540034B1DB /* LGPhotoPicker */,
				03E49C2D1D0B1A400034B1DB /* LGPhotoBrowser */,
			);
			path = Multimedia;
			sourceTree = "<group>";
		};
		03E49C281D0B19EB0034B1DB /* Libs */ = {
			isa = PBXGroup;
			children = (
			);
			path = Libs;
			sourceTree = "<group>";
		};
		03E49C2D1D0B1A400034B1DB /* LGPhotoBrowser */ = {
			isa = PBXGroup;
			children = (
				03E49C2E1D0B1A400034B1DB /* Models */,
				03E49C331D0B1A400034B1DB /* ViewControllers */,
				03E49C361D0B1A400034B1DB /* Views */,
			);
			path = LGPhotoBrowser;
			sourceTree = "<group>";
		};
		03E49C2E1D0B1A400034B1DB /* Models */ = {
			isa = PBXGroup;
			children = (
				03E49C2F1D0B1A400034B1DB /* LGPhotoPickerBrowserPhoto.h */,
				03E49C301D0B1A400034B1DB /* LGPhotoPickerBrowserPhoto.m */,
				03E49C311D0B1A400034B1DB /* LGPhotoRect.h */,
				03E49C321D0B1A400034B1DB /* LGPhotoRect.m */,
			);
			path = Models;
			sourceTree = "<group>";
		};
		03E49C331D0B1A400034B1DB /* ViewControllers */ = {
			isa = PBXGroup;
			children = (
				03E49C341D0B1A400034B1DB /* LGPhotoPickerBrowserViewController.h */,
				03E49C351D0B1A400034B1DB /* LGPhotoPickerBrowserViewController.m */,
			);
			path = ViewControllers;
			sourceTree = "<group>";
		};
		03E49C361D0B1A400034B1DB /* Views */ = {
			isa = PBXGroup;
			children = (
				03E49C371D0B1A400034B1DB /* LGImagePickerSelectView.h */,
				03E49C381D0B1A400034B1DB /* LGImagePickerSelectView.m */,
				03E49C391D0B1A400034B1DB /* LGPhotoPickerBrowserPhotoImageView.h */,
				03E49C3A1D0B1A400034B1DB /* LGPhotoPickerBrowserPhotoImageView.m */,
				03E49C3B1D0B1A400034B1DB /* LGPhotoPickerBrowserPhotoScrollView.h */,
				03E49C3C1D0B1A400034B1DB /* LGPhotoPickerBrowserPhotoScrollView.m */,
				03E49C3D1D0B1A400034B1DB /* LGPhotoPickerBrowserPhotoView.h */,
				03E49C3E1D0B1A400034B1DB /* LGPhotoPickerBrowserPhotoView.m */,
				03E49C3F1D0B1A400034B1DB /* LGPhotoPickerCustomToolBarView.h */,
				03E49C401D0B1A400034B1DB /* LGPhotoPickerCustomToolBarView.m */,
			);
			path = Views;
			sourceTree = "<group>";
		};
		03E49C491D0B1A540034B1DB /* LGPhotoPicker */ = {
			isa = PBXGroup;
			children = (
				03E49C4A1D0B1A540034B1DB /* Models */,
				03E49C511D0B1A540034B1DB /* ViewControllers */,
				03E49C581D0B1A540034B1DB /* Views */,
			);
			path = LGPhotoPicker;
			sourceTree = "<group>";
		};
		03E49C4A1D0B1A540034B1DB /* Models */ = {
			isa = PBXGroup;
			children = (
				03E49C4B1D0B1A540034B1DB /* LGPhotoAssets.h */,
				03E49C4C1D0B1A540034B1DB /* LGPhotoAssets.m */,
				03E49C4D1D0B1A540034B1DB /* LGPhotoPickerDatas.h */,
				03E49C4E1D0B1A540034B1DB /* LGPhotoPickerDatas.m */,
				03E49C4F1D0B1A540034B1DB /* LGPhotoPickerGroup.h */,
				03E49C501D0B1A540034B1DB /* LGPhotoPickerGroup.m */,
			);
			path = Models;
			sourceTree = "<group>";
		};
		03E49C511D0B1A540034B1DB /* ViewControllers */ = {
			isa = PBXGroup;
			children = (
				03E49C521D0B1A540034B1DB /* LGPhotoPickerAssetsViewController.h */,
				03E49C531D0B1A540034B1DB /* LGPhotoPickerAssetsViewController.m */,
				03E49C541D0B1A540034B1DB /* LGPhotoPickerGroupViewController.h */,
				03E49C551D0B1A540034B1DB /* LGPhotoPickerGroupViewController.m */,
				03E49C561D0B1A540034B1DB /* LGPhotoPickerViewController.h */,
				03E49C571D0B1A540034B1DB /* LGPhotoPickerViewController.m */,
			);
			path = ViewControllers;
			sourceTree = "<group>";
		};
		03E49C581D0B1A540034B1DB /* Views */ = {
			isa = PBXGroup;
			children = (
				03E49C591D0B1A540034B1DB /* LGPhotoPickerCollectionView.h */,
				03E49C5A1D0B1A540034B1DB /* LGPhotoPickerCollectionView.m */,
				03E49C5B1D0B1A540034B1DB /* LGPhotoPickerCollectionViewCell.h */,
				03E49C5C1D0B1A540034B1DB /* LGPhotoPickerCollectionViewCell.m */,
				03E49C5D1D0B1A540034B1DB /* LGPhotoPickerFooterCollectionReusableView.h */,
				03E49C5E1D0B1A540034B1DB /* LGPhotoPickerFooterCollectionReusableView.m */,
				03E49C5F1D0B1A540034B1DB /* LGPhotoPickerGroupTableViewCell.h */,
				03E49C601D0B1A540034B1DB /* LGPhotoPickerGroupTableViewCell.m */,
				03E49C611D0B1A540034B1DB /* LGPhotoPickerImageView.h */,
				03E49C621D0B1A540034B1DB /* LGPhotoPickerImageView.m */,
				03E49C631D0B1A540034B1DB /* PhotoCell.h */,
				03E49C641D0B1A540034B1DB /* PhotoCell.m */,
				03E49C651D0B1A540034B1DB /* PhotoCell.xib */,
			);
			path = Views;
			sourceTree = "<group>";
		};
		03E49C731D0B1A910034B1DB /* Category */ = {
			isa = PBXGroup;
			children = (
				03E49C741D0B1A910034B1DB /* UIView+Layout.h */,
				03E49C751D0B1A910034B1DB /* UIView+Layout.m */,
			);
			path = Category;
			sourceTree = "<group>";
		};
		344494094F67F995F7F09356 /* Frameworks */ = {
			isa = PBXGroup;
			children = (
				8CD5D386AB18AE330676CF39 /* libPods-MNiang.a */,
			);
			name = Frameworks;
			sourceTree = "<group>";
		};
		A272393796ED411930886449 /* Pods */ = {
			isa = PBXGroup;
			children = (
				F734DDE2E21976FB82F47731 /* Pods-MNiang.debug.xcconfig */,
				B5E75D97E04F412AEEBE0DDA /* Pods-MNiang.release.xcconfig */,
			);
			name = Pods;
			sourceTree = "<group>";
		};
		A944C5601D06D05200AF06B7 /* Discover */ = {
			isa = PBXGroup;
			children = (
				A944C5611D06D05200AF06B7 /* Controller */,
				A944C5621D06D05200AF06B7 /* Model */,
				A944C5631D06D05200AF06B7 /* View */,
			);
			path = Discover;
			sourceTree = "<group>";
		};
		A944C5611D06D05200AF06B7 /* Controller */ = {
			isa = PBXGroup;
			children = (
				A944C5741D06D07400AF06B7 /* MNDiscoverController.h */,
				A944C5751D06D07400AF06B7 /* MNDiscoverController.m */,
			);
			path = Controller;
			sourceTree = "<group>";
		};
		A944C5621D06D05200AF06B7 /* Model */ = {
			isa = PBXGroup;
			children = (
			);
			path = Model;
			sourceTree = "<group>";
		};
		A944C5631D06D05200AF06B7 /* View */ = {
			isa = PBXGroup;
			children = (
			);
			path = View;
			sourceTree = "<group>";
		};
		A944C5641D06D05200AF06B7 /* Home */ = {
			isa = PBXGroup;
			children = (
				A944C5651D06D05200AF06B7 /* Controller */,
				A944C5661D06D05200AF06B7 /* Model */,
				A944C5671D06D05200AF06B7 /* View */,
			);
			path = Home;
			sourceTree = "<group>";
		};
		A944C5651D06D05200AF06B7 /* Controller */ = {
			isa = PBXGroup;
			children = (
				A944C5771D06D08700AF06B7 /* MNHomeViewController.h */,
				A944C5781D06D08700AF06B7 /* MNHomeViewController.m */,
				A98C63471D0A5E2200B56695 /* MNHotViewController.h */,
				A98C63481D0A5E2200B56695 /* MNHotViewController.m */,
				A98C634A1D0A5E4800B56695 /* MNAttentionViewController.h */,
				A98C634B1D0A5E4800B56695 /* MNAttentionViewController.m */,
			);
			path = Controller;
			sourceTree = "<group>";
		};
		A944C5661D06D05200AF06B7 /* Model */ = {
			isa = PBXGroup;
			children = (
			);
			path = Model;
			sourceTree = "<group>";
		};
		A944C5671D06D05200AF06B7 /* View */ = {
			isa = PBXGroup;
			children = (
				A98C63531D0A70C500B56695 /* MNUserBaseCell.h */,
				A98C63541D0A70C500B56695 /* MNUserBaseCell.m */,
				A98C63591D0A776100B56695 /* MNRecommendUserCell.h */,
				A98C635A1D0A776100B56695 /* MNRecommendUserCell.m */,
				A98C635C1D0A77DA00B56695 /* MNAttentionCell.h */,
				A98C635D1D0A77DA00B56695 /* MNAttentionCell.m */,
				A98C63621D0A928300B56695 /* MNImageViewCell.h */,
				A98C63631D0A928300B56695 /* MNImageViewCell.m */,
				A98C63641D0A928300B56695 /* MNImageViewCell.xib */,
				A98C63771D0A9FD400B56695 /* MNHotCollectionReusableView.h */,
				A98C63781D0A9FD400B56695 /* MNHotCollectionReusableView.m */,
				A98C63791D0A9FD400B56695 /* MNHotCollectionReusableView.xib */,
			);
			path = View;
			sourceTree = "<group>";
		};
		A944C5681D06D05200AF06B7 /* Login */ = {
			isa = PBXGroup;
			children = (
				A944C5691D06D05200AF06B7 /* Controller */,
				A944C56A1D06D05200AF06B7 /* Model */,
				A944C56B1D06D05200AF06B7 /* View */,
			);
			path = Login;
			sourceTree = "<group>";
		};
		A944C5691D06D05200AF06B7 /* Controller */ = {
			isa = PBXGroup;
			children = (
				A944C57A1D06D09400AF06B7 /* MNLoginViewController.h */,
				A944C57B1D06D09400AF06B7 /* MNLoginViewController.m */,
			);
			path = Controller;
			sourceTree = "<group>";
		};
		A944C56A1D06D05200AF06B7 /* Model */ = {
			isa = PBXGroup;
			children = (
			);
			path = Model;
			sourceTree = "<group>";
		};
		A944C56B1D06D05200AF06B7 /* View */ = {
			isa = PBXGroup;
			children = (
			);
			path = View;
			sourceTree = "<group>";
		};
		A944C56C1D06D05200AF06B7 /* Me */ = {
			isa = PBXGroup;
			children = (
				A944C56D1D06D05200AF06B7 /* Controller */,
				A944C56E1D06D05200AF06B7 /* Model */,
				A944C56F1D06D05200AF06B7 /* View */,
			);
			path = Me;
			sourceTree = "<group>";
		};
		A944C56D1D06D05200AF06B7 /* Controller */ = {
			isa = PBXGroup;
			children = (
				A944C57D1D06D0E600AF06B7 /* MNMeViewController.h */,
				A944C57E1D06D0E600AF06B7 /* MNMeViewController.m */,
			);
			path = Controller;
			sourceTree = "<group>";
		};
		A944C56E1D06D05200AF06B7 /* Model */ = {
			isa = PBXGroup;
			children = (
			);
			path = Model;
			sourceTree = "<group>";
		};
		A944C56F1D06D05200AF06B7 /* View */ = {
			isa = PBXGroup;
			children = (
			);
			path = View;
			sourceTree = "<group>";
		};
		A944C5701D06D05200AF06B7 /* Message */ = {
			isa = PBXGroup;
			children = (
				A944C5711D06D05200AF06B7 /* Controller */,
				A944C5721D06D05200AF06B7 /* Model */,
				A944C5731D06D05200AF06B7 /* View */,
			);
			path = Message;
			sourceTree = "<group>";
		};
		A944C5711D06D05200AF06B7 /* Controller */ = {
			isa = PBXGroup;
			children = (
				A944C5801D06D0F300AF06B7 /* MNMessageViewController.h */,
				A944C5811D06D0F300AF06B7 /* MNMessageViewController.m */,
			);
			path = Controller;
			sourceTree = "<group>";
		};
		A944C5721D06D05200AF06B7 /* Model */ = {
			isa = PBXGroup;
			children = (
			);
			path = Model;
			sourceTree = "<group>";
		};
		A944C5731D06D05200AF06B7 /* View */ = {
			isa = PBXGroup;
			children = (
			);
			path = View;
			sourceTree = "<group>";
		};
		A944C5831D06E40600AF06B7 /* YYCategory */ = {
			isa = PBXGroup;
			children = (
				A944C5841D06E40600AF06B7 /* UIControl+YYAdd.h */,
				A944C5851D06E40600AF06B7 /* UIControl+YYAdd.m */,
				A944C5861D06E40600AF06B7 /* UIGestureRecognizer+YYAdd.h */,
				A944C5871D06E40600AF06B7 /* UIGestureRecognizer+YYAdd.m */,
			);
			path = YYCategory;
			sourceTree = "<group>";
		};
		A99D3A111D069A89004EA884 = {
			isa = PBXGroup;
			children = (
				A99D3A1C1D069A8B004EA884 /* MNiang */,
				A99D3A361D069A8B004EA884 /* MNiangTests */,
				A99D3A1B1D069A89004EA884 /* Products */,
				A272393796ED411930886449 /* Pods */,
				344494094F67F995F7F09356 /* Frameworks */,
			);
			sourceTree = "<group>";
		};
		A99D3A1B1D069A89004EA884 /* Products */ = {
			isa = PBXGroup;
			children = (
				A99D3A1A1D069A89004EA884 /* MNiang.app */,
				A99D3A331D069A8B004EA884 /* MNiangTests.xctest */,
			);
			name = Products;
			sourceTree = "<group>";
		};
		A99D3A1C1D069A8B004EA884 /* MNiang */ = {
			isa = PBXGroup;
			children = (
				03E49C281D0B19EB0034B1DB /* Libs */,
				03E49C241D0B19C20034B1DB /* Multimedia */,
				A944C5601D06D05200AF06B7 /* Discover */,
				A944C5641D06D05200AF06B7 /* Home */,
				A944C5681D06D05200AF06B7 /* Login */,
				A944C56C1D06D05200AF06B7 /* Me */,
				A944C5701D06D05200AF06B7 /* Message */,
				A99D3A4E1D069C26004EA884 /* Main */,
				A99D3A5A1D069C26004EA884 /* Tools */,
				A99D3A1D1D069A8B004EA884 /* Supporting Files */,
			);
			path = MNiang;
			sourceTree = "<group>";
		};
		A99D3A1D1D069A8B004EA884 /* Supporting Files */ = {
			isa = PBXGroup;
			children = (
				A99D3A201D069A8B004EA884 /* AppDelegate.h */,
				A99D3A211D069A8B004EA884 /* AppDelegate.m */,
				A99D3A291D069A8B004EA884 /* Assets.xcassets */,
				A99D3A2E1D069A8B004EA884 /* Info.plist */,
				A99D3A1E1D069A8B004EA884 /* main.m */,
				A99D3A6D1D069DFF004EA884 /* MNiang.pch */,
			);
			name = "Supporting Files";
			sourceTree = "<group>";
		};
		A99D3A361D069A8B004EA884 /* MNiangTests */ = {
			isa = PBXGroup;
			children = (
				A99D3A371D069A8B004EA884 /* MNiangTests.m */,
				A99D3A391D069A8B004EA884 /* Info.plist */,
			);
			path = MNiangTests;
			sourceTree = "<group>";
		};
		A99D3A4E1D069C26004EA884 /* Main */ = {
			isa = PBXGroup;
			children = (
				A99D3A4F1D069C26004EA884 /* Controller */,
				A99D3A501D069C26004EA884 /* Model */,
				A99D3A511D069C26004EA884 /* View */,
			);
			path = Main;
			sourceTree = "<group>";
		};
		A99D3A4F1D069C26004EA884 /* Controller */ = {
			isa = PBXGroup;
			children = (
				A99D3A5B1D069C75004EA884 /* PHNavigationController.h */,
				A99D3A5C1D069C75004EA884 /* PHNavigationController.m */,
				A99D3A5D1D069C75004EA884 /* PHTabBarController.h */,
				A99D3A5E1D069C75004EA884 /* PHTabBarController.m */,
				A99D3A5F1D069C75004EA884 /* PHTableViewController.h */,
				A99D3A601D069C75004EA884 /* PHTableViewController.m */,
				A99D3A611D069C75004EA884 /* PHViewController.h */,
				A99D3A621D069C75004EA884 /* PHViewController.m */,
			);
			path = Controller;
			sourceTree = "<group>";
		};
		A99D3A501D069C26004EA884 /* Model */ = {
			isa = PBXGroup;
			children = (
			);
			path = Model;
			sourceTree = "<group>";
		};
		A99D3A511D069C26004EA884 /* View */ = {
			isa = PBXGroup;
			children = (
				A98C635F1D0A90F400B56695 /* PHCollectionViewLayout.h */,
				A98C63601D0A90F400B56695 /* PHCollectionViewLayout.m */,
				03E49BF61D07129F0034B1DB /* HWTabBar.h */,
				03E49BF71D07129F0034B1DB /* HWTabBar.m */,
				A99D3A671D069CA0004EA884 /* PHTabBar.h */,
				A99D3A681D069CA0004EA884 /* PHTabBar.m */,
				A99D3A691D069CA0004EA884 /* PHTabBarButton.h */,
				A99D3A6A1D069CA0004EA884 /* PHTabBarButton.m */,
			);
			path = View;
			sourceTree = "<group>";
		};
		A99D3A5A1D069C26004EA884 /* Tools */ = {
			isa = PBXGroup;
			children = (
				A944C5831D06E40600AF06B7 /* YYCategory */,
				A99D3A6E1D069F07004EA884 /* Catagory */,
				A99D3AA41D069F5C004EA884 /* MNObject.h */,
				A99D3AA51D069F5C004EA884 /* MNObject.m */,
				A944C58D1D06E9CD00AF06B7 /* Singleton.h */,
				A944C58A1D06E94400AF06B7 /* EBNetworkRequest.h */,
				A944C58B1D06E94400AF06B7 /* EBNetworkRequest.m */,
			);
			path = Tools;
			sourceTree = "<group>";
		};
		A99D3A6E1D069F07004EA884 /* Catagory */ = {
			isa = PBXGroup;
			children = (
				A99D3AA71D069F99004EA884 /* PHKeyValueObserver.h */,
				A99D3AA81D069F99004EA884 /* PHKeyValueObserver.m */,
				A99D3A6F1D069F07004EA884 /* MBProgressHUD+MJ.h */,
				A99D3A701D069F07004EA884 /* MBProgressHUD+MJ.m */,
				A99D3A711D069F07004EA884 /* MBProgressHUD.bundle */,
				A99D3A721D069F07004EA884 /* NSArray+MySeperateString.h */,
				A99D3A731D069F07004EA884 /* NSArray+MySeperateString.m */,
				A99D3A741D069F07004EA884 /* NSDate+PHCategory.h */,
				A99D3A751D069F07004EA884 /* NSDate+PHCategory.m */,
				A99D3A761D069F07004EA884 /* NSDictionary+PHCategory.h */,
				A99D3A771D069F07004EA884 /* NSDictionary+PHCategory.m */,
				A99D3A781D069F07004EA884 /* NSNumber+PHCategory.h */,
				A99D3A791D069F07004EA884 /* NSNumber+PHCategory.m */,
				A99D3A7A1D069F07004EA884 /* NSString+PHCategory.h */,
				A99D3A7B1D069F07004EA884 /* NSString+PHCategory.m */,
				A99D3A7C1D069F07004EA884 /* UIAlertView+Blocks.h */,
				A99D3A7D1D069F07004EA884 /* UIAlertView+Blocks.m */,
				A99D3A7E1D069F07004EA884 /* UIButton+EBButton.h */,
				A99D3A7F1D069F07004EA884 /* UIButton+EBButton.m */,
				A99D3A801D069F07004EA884 /* UIButton+PHCategory.h */,
				A99D3A811D069F07004EA884 /* UIButton+PHCategory.m */,
				A99D3A821D069F07004EA884 /* UIColor+PHCategory.h */,
				A99D3A831D069F07004EA884 /* UIColor+PHCategory.m */,
				A99D3A841D069F07004EA884 /* UIImage+PHCategory.h */,
				A99D3A851D069F07004EA884 /* UIImage+PHCategory.m */,
				A99D3A861D069F07004EA884 /* UILabel+PHCategory.h */,
				A99D3A871D069F07004EA884 /* UILabel+PHCategory.m */,
				A99D3A881D069F07004EA884 /* UIProgressView+PHCategory.h */,
				A99D3A891D069F07004EA884 /* UIProgressView+PHCategory.m */,
				A99D3A8A1D069F07004EA884 /* UISlider+PHCategory.h */,
				A99D3A8B1D069F07004EA884 /* UISlider+PHCategory.m */,
				A99D3A8C1D069F07004EA884 /* UITextField+PHCategory.h */,
				A99D3A8D1D069F07004EA884 /* UITextField+PHCategory.m */,
				A99D3A8E1D069F07004EA884 /* UIView+PHLayout.h */,
				A99D3A8F1D069F07004EA884 /* UIView+PHLayout.m */,
				A99D3A901D069F07004EA884 /* UIViewController+PHCategory.h */,
				A99D3A911D069F07004EA884 /* UIViewController+PHCategory.m */,
			);
			path = Catagory;
			sourceTree = "<group>";
		};
/* End PBXGroup section */

/* Begin PBXNativeTarget section */
		A99D3A191D069A89004EA884 /* MNiang */ = {
			isa = PBXNativeTarget;
			buildConfigurationList = A99D3A3C1D069A8B004EA884 /* Build configuration list for PBXNativeTarget "MNiang" */;
			buildPhases = (
				9BEDA88F2BF33C9924C3B0D8 /* [CP] Check Pods Manifest.lock */,
				A99D3A161D069A89004EA884 /* Sources */,
				A99D3A171D069A89004EA884 /* Frameworks */,
				A99D3A181D069A89004EA884 /* Resources */,
				5DC87E6E4C2B87E4936E2A16 /* [CP] Embed Pods Frameworks */,
				4BEA0D5E58B1D1CEDDBABF0B /* [CP] Copy Pods Resources */,
			);
			buildRules = (
			);
			dependencies = (
			);
			name = MNiang;
			productName = MNiang;
			productReference = A99D3A1A1D069A89004EA884 /* MNiang.app */;
			productType = "com.apple.product-type.application";
		};
		A99D3A321D069A8B004EA884 /* MNiangTests */ = {
			isa = PBXNativeTarget;
			buildConfigurationList = A99D3A3F1D069A8B004EA884 /* Build configuration list for PBXNativeTarget "MNiangTests" */;
			buildPhases = (
				A99D3A2F1D069A8B004EA884 /* Sources */,
				A99D3A301D069A8B004EA884 /* Frameworks */,
				A99D3A311D069A8B004EA884 /* Resources */,
			);
			buildRules = (
			);
			dependencies = (
				A99D3A351D069A8B004EA884 /* PBXTargetDependency */,
			);
			name = MNiangTests;
			productName = MNiangTests;
			productReference = A99D3A331D069A8B004EA884 /* MNiangTests.xctest */;
			productType = "com.apple.product-type.bundle.unit-test";
		};
/* End PBXNativeTarget section */

/* Begin PBXProject section */
		A99D3A121D069A89004EA884 /* Project object */ = {
			isa = PBXProject;
			attributes = {
				LastUpgradeCheck = 0730;
				ORGANIZATIONNAME = PHH;
				TargetAttributes = {
					A99D3A191D069A89004EA884 = {
						CreatedOnToolsVersion = 7.3.1;
					};
					A99D3A321D069A8B004EA884 = {
						CreatedOnToolsVersion = 7.3.1;
						TestTargetID = A99D3A191D069A89004EA884;
					};
				};
			};
			buildConfigurationList = A99D3A151D069A89004EA884 /* Build configuration list for PBXProject "MNiang" */;
			compatibilityVersion = "Xcode 3.2";
			developmentRegion = English;
			hasScannedForEncodings = 0;
			knownRegions = (
				en,
				Base,
			);
			mainGroup = A99D3A111D069A89004EA884;
			productRefGroup = A99D3A1B1D069A89004EA884 /* Products */;
			projectDirPath = "";
			projectRoot = "";
			targets = (
				A99D3A191D069A89004EA884 /* MNiang */,
				A99D3A321D069A8B004EA884 /* MNiangTests */,
			);
		};
/* End PBXProject section */

/* Begin PBXResourcesBuildPhase section */
		A99D3A181D069A89004EA884 /* Resources */ = {
			isa = PBXResourcesBuildPhase;
			buildActionMask = 2147483647;
			files = (
				A99D3A2A1D069A8B004EA884 /* Assets.xcassets in Resources */,
				A98C63661D0A928300B56695 /* MNImageViewCell.xib in Resources */,
				A98C637B1D0A9FD400B56695 /* MNHotCollectionReusableView.xib in Resources */,
				A99D3A931D069F07004EA884 /* MBProgressHUD.bundle in Resources */,
				03E49C721D0B1A540034B1DB /* PhotoCell.xib in Resources */,
			);
			runOnlyForDeploymentPostprocessing = 0;
		};
		A99D3A311D069A8B004EA884 /* Resources */ = {
			isa = PBXResourcesBuildPhase;
			buildActionMask = 2147483647;
			files = (
			);
			runOnlyForDeploymentPostprocessing = 0;
		};
/* End PBXResourcesBuildPhase section */

/* Begin PBXShellScriptBuildPhase section */
		4BEA0D5E58B1D1CEDDBABF0B /* [CP] Copy Pods Resources */ = {
			isa = PBXShellScriptBuildPhase;
			buildActionMask = 2147483647;
			files = (
			);
			inputPaths = (
			);
			name = "[CP] Copy Pods Resources";
			outputPaths = (
			);
			runOnlyForDeploymentPostprocessing = 0;
			shellPath = /bin/sh;
			shellScript = "\"${SRCROOT}/Pods/Target Support Files/Pods-MNiang/Pods-MNiang-resources.sh\"\n";
			showEnvVarsInLog = 0;
		};
		5DC87E6E4C2B87E4936E2A16 /* [CP] Embed Pods Frameworks */ = {
			isa = PBXShellScriptBuildPhase;
			buildActionMask = 2147483647;
			files = (
			);
			inputPaths = (
			);
			name = "[CP] Embed Pods Frameworks";
			outputPaths = (
			);
			runOnlyForDeploymentPostprocessing = 0;
			shellPath = /bin/sh;
			shellScript = "\"${SRCROOT}/Pods/Target Support Files/Pods-MNiang/Pods-MNiang-frameworks.sh\"\n";
			showEnvVarsInLog = 0;
		};
		9BEDA88F2BF33C9924C3B0D8 /* [CP] Check Pods Manifest.lock */ = {
			isa = PBXShellScriptBuildPhase;
			buildActionMask = 2147483647;
			files = (
			);
			inputPaths = (
			);
			name = "[CP] Check Pods Manifest.lock";
			outputPaths = (
			);
			runOnlyForDeploymentPostprocessing = 0;
			shellPath = /bin/sh;
			shellScript = "diff \"${PODS_ROOT}/../Podfile.lock\" \"${PODS_ROOT}/Manifest.lock\" > /dev/null\nif [[ $? != 0 ]] ; then\n    cat << EOM\nerror: The sandbox is not in sync with the Podfile.lock. Run 'pod install' or update your CocoaPods installation.\nEOM\n    exit 1\nfi\n";
			showEnvVarsInLog = 0;
		};
/* End PBXShellScriptBuildPhase section */

/* Begin PBXSourcesBuildPhase section */
		A99D3A161D069A89004EA884 /* Sources */ = {
			isa = PBXSourcesBuildPhase;
			buildActionMask = 2147483647;
			files = (
				A98C63611D0A90F400B56695 /* PHCollectionViewLayout.m in Sources */,
				03E49C411D0B1A400034B1DB /* LGPhotoPickerBrowserPhoto.m in Sources */,
				03E49C691D0B1A540034B1DB /* LGPhotoPickerAssetsViewController.m in Sources */,
				A99D3A921D069F07004EA884 /* MBProgressHUD+MJ.m in Sources */,
				A99D3A221D069A8B004EA884 /* AppDelegate.m in Sources */,
				A99D3A9E1D069F07004EA884 /* UILabel+PHCategory.m in Sources */,
				03E49C6D1D0B1A540034B1DB /* LGPhotoPickerCollectionViewCell.m in Sources */,
				A99D3A9F1D069F07004EA884 /* UIProgressView+PHCategory.m in Sources */,
				03E49C761D0B1A910034B1DB /* UIView+Layout.m in Sources */,
				A99D3AA01D069F07004EA884 /* UISlider+PHCategory.m in Sources */,
				A944C57C1D06D09400AF06B7 /* MNLoginViewController.m in Sources */,
				A99D3A941D069F07004EA884 /* NSArray+MySeperateString.m in Sources */,
				A99D3AA11D069F07004EA884 /* UITextField+PHCategory.m in Sources */,
				A99D3A1F1D069A8B004EA884 /* main.m in Sources */,
				A98C63551D0A70C500B56695 /* MNUserBaseCell.m in Sources */,
				A944C5891D06E40600AF06B7 /* UIGestureRecognizer+YYAdd.m in Sources */,
				03E49C6C1D0B1A540034B1DB /* LGPhotoPickerCollectionView.m in Sources */,
				03E49C671D0B1A540034B1DB /* LGPhotoPickerDatas.m in Sources */,
				03E49C431D0B1A400034B1DB /* LGPhotoPickerBrowserViewController.m in Sources */,
				03E49C471D0B1A400034B1DB /* LGPhotoPickerBrowserPhotoView.m in Sources */,
				A99D3A961D069F07004EA884 /* NSDictionary+PHCategory.m in Sources */,
				A98C635E1D0A77DA00B56695 /* MNAttentionCell.m in Sources */,
				A98C63651D0A928300B56695 /* MNImageViewCell.m in Sources */,
				A98C635B1D0A776100B56695 /* MNRecommendUserCell.m in Sources */,
				A99D3A631D069C75004EA884 /* PHNavigationController.m in Sources */,
				A99D3A9B1D069F07004EA884 /* UIButton+PHCategory.m in Sources */,
				03E49C461D0B1A400034B1DB /* LGPhotoPickerBrowserPhotoScrollView.m in Sources */,
				A944C5881D06E40600AF06B7 /* UIControl+YYAdd.m in Sources */,
				03E49C6B1D0B1A540034B1DB /* LGPhotoPickerViewController.m in Sources */,
				A99D3A9A1D069F07004EA884 /* UIButton+EBButton.m in Sources */,
				A99D3A6C1D069CA0004EA884 /* PHTabBarButton.m in Sources */,
				A99D3A951D069F07004EA884 /* NSDate+PHCategory.m in Sources */,
				A99D3A971D069F07004EA884 /* NSNumber+PHCategory.m in Sources */,
				A944C58C1D06E94400AF06B7 /* EBNetworkRequest.m in Sources */,
				A99D3A641D069C75004EA884 /* PHTabBarController.m in Sources */,
				A99D3A661D069C75004EA884 /* PHViewController.m in Sources */,
				A944C5791D06D08700AF06B7 /* MNHomeViewController.m in Sources */,
				03E49C711D0B1A540034B1DB /* PhotoCell.m in Sources */,
				A99D3A9D1D069F07004EA884 /* UIImage+PHCategory.m in Sources */,
				A99D3A9C1D069F07004EA884 /* UIColor+PHCategory.m in Sources */,
				A99D3AA61D069F5C004EA884 /* MNObject.m in Sources */,
				A99D3A6B1D069CA0004EA884 /* PHTabBar.m in Sources */,
				03E49C6E1D0B1A540034B1DB /* LGPhotoPickerFooterCollectionReusableView.m in Sources */,
				03E49C6F1D0B1A540034B1DB /* LGPhotoPickerGroupTableViewCell.m in Sources */,
				A944C5761D06D07400AF06B7 /* MNDiscoverController.m in Sources */,
				03E49C451D0B1A400034B1DB /* LGPhotoPickerBrowserPhotoImageView.m in Sources */,
				03E49C701D0B1A540034B1DB /* LGPhotoPickerImageView.m in Sources */,
				A99D3A991D069F07004EA884 /* UIAlertView+Blocks.m in Sources */,
				A99D3A651D069C75004EA884 /* PHTableViewController.m in Sources */,
				03E49C481D0B1A400034B1DB /* LGPhotoPickerCustomToolBarView.m in Sources */,
				03E49C6A1D0B1A540034B1DB /* LGPhotoPickerGroupViewController.m in Sources */,
				A99D3AA21D069F07004EA884 /* UIView+PHLayout.m in Sources */,
				A99D3AA91D069F99004EA884 /* PHKeyValueObserver.m in Sources */,
				A98C63491D0A5E2200B56695 /* MNHotViewController.m in Sources */,
				A99D3AA31D069F07004EA884 /* UIViewController+PHCategory.m in Sources */,
				03E49C441D0B1A400034B1DB /* LGImagePickerSelectView.m in Sources */,
				03E49BF81D07129F0034B1DB /* HWTabBar.m in Sources */,
				A98C634C1D0A5E4800B56695 /* MNAttentionViewController.m in Sources */,
				A944C57F1D06D0E600AF06B7 /* MNMeViewController.m in Sources */,
				A99D3A981D069F07004EA884 /* NSString+PHCategory.m in Sources */,
				A98C637A1D0A9FD400B56695 /* MNHotCollectionReusableView.m in Sources */,
				A944C5821D06D0F300AF06B7 /* MNMessageViewController.m in Sources */,
				03E49C661D0B1A540034B1DB /* LGPhotoAssets.m in Sources */,
				03E49C421D0B1A400034B1DB /* LGPhotoRect.m in Sources */,
				03E49C681D0B1A540034B1DB /* LGPhotoPickerGroup.m in Sources */,
			);
			runOnlyForDeploymentPostprocessing = 0;
		};
		A99D3A2F1D069A8B004EA884 /* Sources */ = {
			isa = PBXSourcesBuildPhase;
			buildActionMask = 2147483647;
			files = (
				A99D3A381D069A8B004EA884 /* MNiangTests.m in Sources */,
			);
			runOnlyForDeploymentPostprocessing = 0;
		};
/* End PBXSourcesBuildPhase section */

/* Begin PBXTargetDependency section */
		A99D3A351D069A8B004EA884 /* PBXTargetDependency */ = {
			isa = PBXTargetDependency;
			target = A99D3A191D069A89004EA884 /* MNiang */;
			targetProxy = A99D3A341D069A8B004EA884 /* PBXContainerItemProxy */;
		};
/* End PBXTargetDependency section */

/* Begin XCBuildConfiguration section */
		A99D3A3A1D069A8B004EA884 /* Debug */ = {
			isa = XCBuildConfiguration;
			buildSettings = {
				ALWAYS_SEARCH_USER_PATHS = NO;
				CLANG_ANALYZER_NONNULL = YES;
				CLANG_CXX_LANGUAGE_STANDARD = "gnu++0x";
				CLANG_CXX_LIBRARY = "libc++";
				CLANG_ENABLE_MODULES = YES;
				CLANG_ENABLE_OBJC_ARC = YES;
				CLANG_WARN_BOOL_CONVERSION = YES;
				CLANG_WARN_CONSTANT_CONVERSION = YES;
				CLANG_WARN_DIRECT_OBJC_ISA_USAGE = YES_ERROR;
				CLANG_WARN_EMPTY_BODY = YES;
				CLANG_WARN_ENUM_CONVERSION = YES;
				CLANG_WARN_INT_CONVERSION = YES;
				CLANG_WARN_OBJC_ROOT_CLASS = YES_ERROR;
				CLANG_WARN_UNREACHABLE_CODE = YES;
				CLANG_WARN__DUPLICATE_METHOD_MATCH = YES;
				"CODE_SIGN_IDENTITY[sdk=iphoneos*]" = "iPhone Developer";
				COPY_PHASE_STRIP = NO;
				DEBUG_INFORMATION_FORMAT = dwarf;
				ENABLE_STRICT_OBJC_MSGSEND = YES;
				ENABLE_TESTABILITY = YES;
				GCC_C_LANGUAGE_STANDARD = gnu99;
				GCC_DYNAMIC_NO_PIC = NO;
				GCC_NO_COMMON_BLOCKS = YES;
				GCC_OPTIMIZATION_LEVEL = 0;
				GCC_PREPROCESSOR_DEFINITIONS = (
					"DEBUG=1",
					"$(inherited)",
				);
				GCC_WARN_64_TO_32_BIT_CONVERSION = YES;
				GCC_WARN_ABOUT_RETURN_TYPE = YES_ERROR;
				GCC_WARN_UNDECLARED_SELECTOR = YES;
				GCC_WARN_UNINITIALIZED_AUTOS = YES_AGGRESSIVE;
				GCC_WARN_UNUSED_FUNCTION = YES;
				GCC_WARN_UNUSED_VARIABLE = YES;
				IPHONEOS_DEPLOYMENT_TARGET = 9.3;
				MTL_ENABLE_DEBUG_INFO = YES;
				ONLY_ACTIVE_ARCH = YES;
				SDKROOT = iphoneos;
			};
			name = Debug;
		};
		A99D3A3B1D069A8B004EA884 /* Release */ = {
			isa = XCBuildConfiguration;
			buildSettings = {
				ALWAYS_SEARCH_USER_PATHS = NO;
				CLANG_ANALYZER_NONNULL = YES;
				CLANG_CXX_LANGUAGE_STANDARD = "gnu++0x";
				CLANG_CXX_LIBRARY = "libc++";
				CLANG_ENABLE_MODULES = YES;
				CLANG_ENABLE_OBJC_ARC = YES;
				CLANG_WARN_BOOL_CONVERSION = YES;
				CLANG_WARN_CONSTANT_CONVERSION = YES;
				CLANG_WARN_DIRECT_OBJC_ISA_USAGE = YES_ERROR;
				CLANG_WARN_EMPTY_BODY = YES;
				CLANG_WARN_ENUM_CONVERSION = YES;
				CLANG_WARN_INT_CONVERSION = YES;
				CLANG_WARN_OBJC_ROOT_CLASS = YES_ERROR;
				CLANG_WARN_UNREACHABLE_CODE = YES;
				CLANG_WARN__DUPLICATE_METHOD_MATCH = YES;
				"CODE_SIGN_IDENTITY[sdk=iphoneos*]" = "iPhone Developer";
				COPY_PHASE_STRIP = NO;
				DEBUG_INFORMATION_FORMAT = "dwarf-with-dsym";
				ENABLE_NS_ASSERTIONS = NO;
				ENABLE_STRICT_OBJC_MSGSEND = YES;
				GCC_C_LANGUAGE_STANDARD = gnu99;
				GCC_NO_COMMON_BLOCKS = YES;
				GCC_WARN_64_TO_32_BIT_CONVERSION = YES;
				GCC_WARN_ABOUT_RETURN_TYPE = YES_ERROR;
				GCC_WARN_UNDECLARED_SELECTOR = YES;
				GCC_WARN_UNINITIALIZED_AUTOS = YES_AGGRESSIVE;
				GCC_WARN_UNUSED_FUNCTION = YES;
				GCC_WARN_UNUSED_VARIABLE = YES;
				IPHONEOS_DEPLOYMENT_TARGET = 9.3;
				MTL_ENABLE_DEBUG_INFO = NO;
				SDKROOT = iphoneos;
				VALIDATE_PRODUCT = YES;
			};
			name = Release;
		};
		A99D3A3D1D069A8B004EA884 /* Debug */ = {
			isa = XCBuildConfiguration;
			baseConfigurationReference = F734DDE2E21976FB82F47731 /* Pods-MNiang.debug.xcconfig */;
			buildSettings = {
				ASSETCATALOG_COMPILER_APPICON_NAME = AppIcon;
				ASSETCATALOG_COMPILER_LAUNCHIMAGE_NAME = LaunchImage;
				CODE_SIGN_IDENTITY = "iPhone Developer";
				GCC_PRECOMPILE_PREFIX_HEADER = YES;
				GCC_PREFIX_HEADER = "$(SRCROOT)/MNiang/MNiang.pch";
				INFOPLIST_FILE = MNiang/Info.plist;
				IPHONEOS_DEPLOYMENT_TARGET = 7.0;
				LD_RUNPATH_SEARCH_PATHS = "$(inherited) @executable_path/Frameworks";
				PRODUCT_BUNDLE_IDENTIFIER = com.mrp.MNiang;
				PRODUCT_NAME = "$(TARGET_NAME)";
			};
			name = Debug;
		};
		A99D3A3E1D069A8B004EA884 /* Release */ = {
			isa = XCBuildConfiguration;
			baseConfigurationReference = B5E75D97E04F412AEEBE0DDA /* Pods-MNiang.release.xcconfig */;
			buildSettings = {
				ASSETCATALOG_COMPILER_APPICON_NAME = AppIcon;
				ASSETCATALOG_COMPILER_LAUNCHIMAGE_NAME = LaunchImage;
				CODE_SIGN_IDENTITY = "iPhone Developer";
				GCC_PRECOMPILE_PREFIX_HEADER = YES;
				GCC_PREFIX_HEADER = "$(SRCROOT)/MNiang/MNiang.pch";
				INFOPLIST_FILE = MNiang/Info.plist;
				IPHONEOS_DEPLOYMENT_TARGET = 7.0;
				LD_RUNPATH_SEARCH_PATHS = "$(inherited) @executable_path/Frameworks";
				PRODUCT_BUNDLE_IDENTIFIER = com.mrp.MNiang;
				PRODUCT_NAME = "$(TARGET_NAME)";
			};
			name = Release;
		};
		A99D3A401D069A8B004EA884 /* Debug */ = {
			isa = XCBuildConfiguration;
			buildSettings = {
				BUNDLE_LOADER = "$(TEST_HOST)";
				INFOPLIST_FILE = MNiangTests/Info.plist;
				LD_RUNPATH_SEARCH_PATHS = "$(inherited) @executable_path/Frameworks @loader_path/Frameworks";
				PRODUCT_BUNDLE_IDENTIFIER = com.mrp.MNiangTests;
				PRODUCT_NAME = "$(TARGET_NAME)";
				TEST_HOST = "$(BUILT_PRODUCTS_DIR)/MNiang.app/MNiang";
			};
			name = Debug;
		};
		A99D3A411D069A8B004EA884 /* Release */ = {
			isa = XCBuildConfiguration;
			buildSettings = {
				BUNDLE_LOADER = "$(TEST_HOST)";
				INFOPLIST_FILE = MNiangTests/Info.plist;
				LD_RUNPATH_SEARCH_PATHS = "$(inherited) @executable_path/Frameworks @loader_path/Frameworks";
				PRODUCT_BUNDLE_IDENTIFIER = com.mrp.MNiangTests;
				PRODUCT_NAME = "$(TARGET_NAME)";
				TEST_HOST = "$(BUILT_PRODUCTS_DIR)/MNiang.app/MNiang";
			};
			name = Release;
		};
/* End XCBuildConfiguration section */

/* Begin XCConfigurationList section */
		A99D3A151D069A89004EA884 /* Build configuration list for PBXProject "MNiang" */ = {
			isa = XCConfigurationList;
			buildConfigurations = (
				A99D3A3A1D069A8B004EA884 /* Debug */,
				A99D3A3B1D069A8B004EA884 /* Release */,
			);
			defaultConfigurationIsVisible = 0;
			defaultConfigurationName = Release;
		};
		A99D3A3C1D069A8B004EA884 /* Build configuration list for PBXNativeTarget "MNiang" */ = {
			isa = XCConfigurationList;
			buildConfigurations = (
				A99D3A3D1D069A8B004EA884 /* Debug */,
				A99D3A3E1D069A8B004EA884 /* Release */,
			);
			defaultConfigurationIsVisible = 0;
			defaultConfigurationName = Release;
		};
		A99D3A3F1D069A8B004EA884 /* Build configuration list for PBXNativeTarget "MNiangTests" */ = {
			isa = XCConfigurationList;
			buildConfigurations = (
				A99D3A401D069A8B004EA884 /* Debug */,
				A99D3A411D069A8B004EA884 /* Release */,
			);
			defaultConfigurationIsVisible = 0;
			defaultConfigurationName = Release;
		};
/* End XCConfigurationList section */
	};
	rootObject = A99D3A121D069A89004EA884 /* Project object */;
}
